// !$*UTF8*$!
{
	archiveVersion = 1;
	classes = {
	};
	objectVersion = 56;
	objects = {

/* Begin PBXBuildFile section */
		2F03302F2C88D9770073DD4C /* ZoomCollectionViewCell.swift in Sources */ = {isa = PBXBuildFile; fileRef = 2F03302E2C88D9770073DD4C /* ZoomCollectionViewCell.swift */; };
		2F0330312C8D44B30073DD4C /* CardCollectionViewCell.swift in Sources */ = {isa = PBXBuildFile; fileRef = 2F0330302C8D44B30073DD4C /* CardCollectionViewCell.swift */; };
		2F0330342C8D50E80073DD4C /* Card.swift in Sources */ = {isa = PBXBuildFile; fileRef = 2F0330332C8D50E80073DD4C /* Card.swift */; };
		2F2E4C762C31BD1D000E14EE /* AppDelegate.swift in Sources */ = {isa = PBXBuildFile; fileRef = 2F2E4C752C31BD1D000E14EE /* AppDelegate.swift */; };
		2F2E4C782C31BD1D000E14EE /* SceneDelegate.swift in Sources */ = {isa = PBXBuildFile; fileRef = 2F2E4C772C31BD1D000E14EE /* SceneDelegate.swift */; };
		2F2E4C7F2C31BD1E000E14EE /* Assets.xcassets in Resources */ = {isa = PBXBuildFile; fileRef = 2F2E4C7E2C31BD1E000E14EE /* Assets.xcassets */; };
		2F2E4C8D2C31BD1E000E14EE /* SinalizaMaceioTests.swift in Sources */ = {isa = PBXBuildFile; fileRef = 2F2E4C8C2C31BD1E000E14EE /* SinalizaMaceioTests.swift */; };
		2F2E4C972C31BD1E000E14EE /* SinalizaMaceioUITests.swift in Sources */ = {isa = PBXBuildFile; fileRef = 2F2E4C962C31BD1E000E14EE /* SinalizaMaceioUITests.swift */; };
		2F2E4C992C31BD1E000E14EE /* SinalizaMaceioUITestsLaunchTests.swift in Sources */ = {isa = PBXBuildFile; fileRef = 2F2E4C982C31BD1E000E14EE /* SinalizaMaceioUITestsLaunchTests.swift */; };
		2F2E4CA72C31BE0C000E14EE /* FirstViewController.swift in Sources */ = {isa = PBXBuildFile; fileRef = 2F2E4CA62C31BE0C000E14EE /* FirstViewController.swift */; };
		2F2E4CA92C31C2F6000E14EE /* LaunchScreenView.swift in Sources */ = {isa = PBXBuildFile; fileRef = 2F2E4CA82C31C2F6000E14EE /* LaunchScreenView.swift */; };
		2F97A6592DEA22F6006C808A /* GeoJSONLoader.swift in Sources */ = {isa = PBXBuildFile; fileRef = 2F97A6582DEA22F6006C808A /* GeoJSONLoader.swift */; };
		2F97A65F2DEA24F3006C808A /* RouteBuilder.swift in Sources */ = {isa = PBXBuildFile; fileRef = 2F97A65E2DEA24F3006C808A /* RouteBuilder.swift */; };
		2F97A6612DEA25B8006C808A /* AnimationController.swift in Sources */ = {isa = PBXBuildFile; fileRef = 2F97A6602DEA25B8006C808A /* AnimationController.swift */; };
		2F97A6652DEA883A006C808A /* GraphBuilder.swift in Sources */ = {isa = PBXBuildFile; fileRef = 2F97A6642DEA883A006C808A /* GraphBuilder.swift */; };
		2FA694AF2CC8442E006008A5 /* GoogleService-Info.plist in Resources */ = {isa = PBXBuildFile; fileRef = 2FA694AE2CC8442E006008A5 /* GoogleService-Info.plist */; };
		2FA694B22CC95664006008A5 /* FirebaseAnalytics in Frameworks */ = {isa = PBXBuildFile; productRef = 2FA694B12CC95664006008A5 /* FirebaseAnalytics */; };
		2FA694B42CC95664006008A5 /* FirebaseAnalyticsOnDeviceConversion in Frameworks */ = {isa = PBXBuildFile; productRef = 2FA694B32CC95664006008A5 /* FirebaseAnalyticsOnDeviceConversion */; };
		2FA694B62CC95664006008A5 /* FirebaseAnalyticsWithoutAdIdSupport in Frameworks */ = {isa = PBXBuildFile; productRef = 2FA694B52CC95664006008A5 /* FirebaseAnalyticsWithoutAdIdSupport */; };
		2FA694B82CC95664006008A5 /* FirebaseAppCheck in Frameworks */ = {isa = PBXBuildFile; productRef = 2FA694B72CC95664006008A5 /* FirebaseAppCheck */; };
		2FA694BA2CC95664006008A5 /* FirebaseAppDistribution-Beta in Frameworks */ = {isa = PBXBuildFile; productRef = 2FA694B92CC95664006008A5 /* FirebaseAppDistribution-Beta */; };
		2FA694BC2CC95664006008A5 /* FirebaseAuth in Frameworks */ = {isa = PBXBuildFile; productRef = 2FA694BB2CC95664006008A5 /* FirebaseAuth */; };
		2FA694BE2CC95664006008A5 /* FirebaseAuthCombine-Community in Frameworks */ = {isa = PBXBuildFile; productRef = 2FA694BD2CC95664006008A5 /* FirebaseAuthCombine-Community */; };
		2FA694C02CC95664006008A5 /* FirebaseCore in Frameworks */ = {isa = PBXBuildFile; productRef = 2FA694BF2CC95664006008A5 /* FirebaseCore */; };
		2FA694C22CC95664006008A5 /* FirebaseCrashlytics in Frameworks */ = {isa = PBXBuildFile; productRef = 2FA694C12CC95664006008A5 /* FirebaseCrashlytics */; };
		2FA694C42CC95664006008A5 /* FirebaseDatabase in Frameworks */ = {isa = PBXBuildFile; productRef = 2FA694C32CC95664006008A5 /* FirebaseDatabase */; };
		2FA694C62CC95664006008A5 /* FirebaseDynamicLinks in Frameworks */ = {isa = PBXBuildFile; productRef = 2FA694C52CC95664006008A5 /* FirebaseDynamicLinks */; };
		2FA694C82CC95664006008A5 /* FirebaseFirestore in Frameworks */ = {isa = PBXBuildFile; productRef = 2FA694C72CC95664006008A5 /* FirebaseFirestore */; };
		2FA694CA2CC95664006008A5 /* FirebaseFirestoreCombine-Community in Frameworks */ = {isa = PBXBuildFile; productRef = 2FA694C92CC95664006008A5 /* FirebaseFirestoreCombine-Community */; };
		2FA694CC2CC95664006008A5 /* FirebaseFunctions in Frameworks */ = {isa = PBXBuildFile; productRef = 2FA694CB2CC95664006008A5 /* FirebaseFunctions */; };
		2FA694CE2CC95664006008A5 /* FirebaseFunctionsCombine-Community in Frameworks */ = {isa = PBXBuildFile; productRef = 2FA694CD2CC95664006008A5 /* FirebaseFunctionsCombine-Community */; };
		2FA694D02CC95664006008A5 /* FirebaseInAppMessaging-Beta in Frameworks */ = {isa = PBXBuildFile; productRef = 2FA694CF2CC95664006008A5 /* FirebaseInAppMessaging-Beta */; };
		2FA694D22CC95664006008A5 /* FirebaseInstallations in Frameworks */ = {isa = PBXBuildFile; productRef = 2FA694D12CC95664006008A5 /* FirebaseInstallations */; };
		2FA694D42CC95664006008A5 /* FirebaseMLModelDownloader in Frameworks */ = {isa = PBXBuildFile; productRef = 2FA694D32CC95664006008A5 /* FirebaseMLModelDownloader */; };
		2FA694D62CC95664006008A5 /* FirebaseMessaging in Frameworks */ = {isa = PBXBuildFile; productRef = 2FA694D52CC95664006008A5 /* FirebaseMessaging */; };
		2FA694D82CC95664006008A5 /* FirebasePerformance in Frameworks */ = {isa = PBXBuildFile; productRef = 2FA694D72CC95664006008A5 /* FirebasePerformance */; };
		2FA694DA2CC95664006008A5 /* FirebaseRemoteConfig in Frameworks */ = {isa = PBXBuildFile; productRef = 2FA694D92CC95664006008A5 /* FirebaseRemoteConfig */; };
		2FA694DC2CC95664006008A5 /* FirebaseStorage in Frameworks */ = {isa = PBXBuildFile; productRef = 2FA694DB2CC95664006008A5 /* FirebaseStorage */; };
		2FA694DE2CC95664006008A5 /* FirebaseStorageCombine-Community in Frameworks */ = {isa = PBXBuildFile; productRef = 2FA694DD2CC95664006008A5 /* FirebaseStorageCombine-Community */; };
		2FA694E02CC95664006008A5 /* FirebaseVertexAI in Frameworks */ = {isa = PBXBuildFile; productRef = 2FA694DF2CC95664006008A5 /* FirebaseVertexAI */; };
		2FA694E52CCAB53A006008A5 /* MenuViewController.swift in Sources */ = {isa = PBXBuildFile; fileRef = 2FA694E42CCAB53A006008A5 /* MenuViewController.swift */; };
		2FA694E72CCBE2AB006008A5 /* SetupCollectionViewCell.swift in Sources */ = {isa = PBXBuildFile; fileRef = 2FA694E62CCBE2AB006008A5 /* SetupCollectionViewCell.swift */; };
		2FA694E92CCC193D006008A5 /* Setup.swift in Sources */ = {isa = PBXBuildFile; fileRef = 2FA694E82CCC193D006008A5 /* Setup.swift */; };
		2FA694EB2CCC89A2006008A5 /* StartCollectionViewCell.swift in Sources */ = {isa = PBXBuildFile; fileRef = 2FA694EA2CCC89A2006008A5 /* StartCollectionViewCell.swift */; };
		2FABE0B82DE7AC9900FA295C /* ruas_maceio.geojson in Resources */ = {isa = PBXBuildFile; fileRef = 2FABE0B72DE7AC9900FA295C /* ruas_maceio.geojson */; };
		2FABE0B92DE7AC9900FA295C /* ruas_maceio.geojson in Resources */ = {isa = PBXBuildFile; fileRef = 2FABE0B72DE7AC9900FA295C /* ruas_maceio.geojson */; };
		2FABE0BA2DE7AC9900FA295C /* ruas_maceio.geojson in Resources */ = {isa = PBXBuildFile; fileRef = 2FABE0B72DE7AC9900FA295C /* ruas_maceio.geojson */; };
		2FABE0BC2DE7B4CC00FA295C /* Rua.swift in Sources */ = {isa = PBXBuildFile; fileRef = 2FABE0BB2DE7B4CC00FA295C /* Rua.swift */; };
		2FABE0BE2DE7B69300FA295C /* Grafo.swift in Sources */ = {isa = PBXBuildFile; fileRef = 2FABE0BD2DE7B69300FA295C /* Grafo.swift */; };
		2FABE0C32DE7B91200FA295C /* CLLocationCoordinate2D+Hashable.swift in Sources */ = {isa = PBXBuildFile; fileRef = 2FABE0C22DE7B90000FA295C /* CLLocationCoordinate2D+Hashable.swift */; };
		2FABE0C52DE8006100FA295C /* MKPolyline.swift in Sources */ = {isa = PBXBuildFile; fileRef = 2FABE0C42DE8004C00FA295C /* MKPolyline.swift */; };
		2FABE0C72DE807CF00FA295C /* Coordenada.swift in Sources */ = {isa = PBXBuildFile; fileRef = 2FABE0C62DE807CF00FA295C /* Coordenada.swift */; };
		2FABE0C92DE80F9E00FA295C /* vias_maceio.geojson in Resources */ = {isa = PBXBuildFile; fileRef = 2FABE0C82DE80F9E00FA295C /* vias_maceio.geojson */; };
		2FABE0CA2DE80F9E00FA295C /* vias_maceio.geojson in Resources */ = {isa = PBXBuildFile; fileRef = 2FABE0C82DE80F9E00FA295C /* vias_maceio.geojson */; };
		2FABE0CB2DE80F9E00FA295C /* vias_maceio.geojson in Resources */ = {isa = PBXBuildFile; fileRef = 2FABE0C82DE80F9E00FA295C /* vias_maceio.geojson */; };
		2FDC5DB62CD42173000BCF30 /* Start.swift in Sources */ = {isa = PBXBuildFile; fileRef = 2FDC5DB52CD4216B000BCF30 /* Start.swift */; };
		2FDECA132C668D1C00748052 /* MapViewController.swift in Sources */ = {isa = PBXBuildFile; fileRef = 2FDECA122C668D1C00748052 /* MapViewController.swift */; };
/* End PBXBuildFile section */

/* Begin PBXContainerItemProxy section */
		2F2E4C892C31BD1E000E14EE /* PBXContainerItemProxy */ = {
			isa = PBXContainerItemProxy;
			containerPortal = 2F2E4C6A2C31BD1D000E14EE /* Project object */;
			proxyType = 1;
			remoteGlobalIDString = 2F2E4C712C31BD1D000E14EE;
			remoteInfo = SinalizaMaceio;
		};
		2F2E4C932C31BD1E000E14EE /* PBXContainerItemProxy */ = {
			isa = PBXContainerItemProxy;
			containerPortal = 2F2E4C6A2C31BD1D000E14EE /* Project object */;
			proxyType = 1;
			remoteGlobalIDString = 2F2E4C712C31BD1D000E14EE;
			remoteInfo = SinalizaMaceio;
		};
/* End PBXContainerItemProxy section */

/* Begin PBXFileReference section */
		2F03302E2C88D9770073DD4C /* ZoomCollectionViewCell.swift */ = {isa = PBXFileReference; lastKnownFileType = sourcecode.swift; path = ZoomCollectionViewCell.swift; sourceTree = "<group>"; };
		2F0330302C8D44B30073DD4C /* CardCollectionViewCell.swift */ = {isa = PBXFileReference; lastKnownFileType = sourcecode.swift; path = CardCollectionViewCell.swift; sourceTree = "<group>"; };
		2F0330332C8D50E80073DD4C /* Card.swift */ = {isa = PBXFileReference; lastKnownFileType = sourcecode.swift; path = Card.swift; sourceTree = "<group>"; };
		2F2E4C722C31BD1D000E14EE /* SinalizaMaceio.app */ = {isa = PBXFileReference; explicitFileType = wrapper.application; includeInIndex = 0; path = SinalizaMaceio.app; sourceTree = BUILT_PRODUCTS_DIR; };
		2F2E4C752C31BD1D000E14EE /* AppDelegate.swift */ = {isa = PBXFileReference; lastKnownFileType = sourcecode.swift; path = AppDelegate.swift; sourceTree = "<group>"; };
		2F2E4C772C31BD1D000E14EE /* SceneDelegate.swift */ = {isa = PBXFileReference; lastKnownFileType = sourcecode.swift; path = SceneDelegate.swift; sourceTree = "<group>"; };
		2F2E4C7E2C31BD1E000E14EE /* Assets.xcassets */ = {isa = PBXFileReference; lastKnownFileType = folder.assetcatalog; path = Assets.xcassets; sourceTree = "<group>"; };
		2F2E4C832C31BD1E000E14EE /* Info.plist */ = {isa = PBXFileReference; lastKnownFileType = text.plist.xml; path = Info.plist; sourceTree = "<group>"; };
		2F2E4C882C31BD1E000E14EE /* SinalizaMaceioTests.xctest */ = {isa = PBXFileReference; explicitFileType = wrapper.cfbundle; includeInIndex = 0; path = SinalizaMaceioTests.xctest; sourceTree = BUILT_PRODUCTS_DIR; };
		2F2E4C8C2C31BD1E000E14EE /* SinalizaMaceioTests.swift */ = {isa = PBXFileReference; lastKnownFileType = sourcecode.swift; path = SinalizaMaceioTests.swift; sourceTree = "<group>"; };
		2F2E4C922C31BD1E000E14EE /* SinalizaMaceioUITests.xctest */ = {isa = PBXFileReference; explicitFileType = wrapper.cfbundle; includeInIndex = 0; path = SinalizaMaceioUITests.xctest; sourceTree = BUILT_PRODUCTS_DIR; };
		2F2E4C962C31BD1E000E14EE /* SinalizaMaceioUITests.swift */ = {isa = PBXFileReference; lastKnownFileType = sourcecode.swift; path = SinalizaMaceioUITests.swift; sourceTree = "<group>"; };
		2F2E4C982C31BD1E000E14EE /* SinalizaMaceioUITestsLaunchTests.swift */ = {isa = PBXFileReference; lastKnownFileType = sourcecode.swift; path = SinalizaMaceioUITestsLaunchTests.swift; sourceTree = "<group>"; };
		2F2E4CA62C31BE0C000E14EE /* FirstViewController.swift */ = {isa = PBXFileReference; lastKnownFileType = sourcecode.swift; path = FirstViewController.swift; sourceTree = "<group>"; };
		2F2E4CA82C31C2F6000E14EE /* LaunchScreenView.swift */ = {isa = PBXFileReference; lastKnownFileType = sourcecode.swift; path = LaunchScreenView.swift; sourceTree = "<group>"; };
		2F97A6582DEA22F6006C808A /* GeoJSONLoader.swift */ = {isa = PBXFileReference; lastKnownFileType = sourcecode.swift; path = GeoJSONLoader.swift; sourceTree = "<group>"; };
		2F97A65E2DEA24F3006C808A /* RouteBuilder.swift */ = {isa = PBXFileReference; lastKnownFileType = sourcecode.swift; path = RouteBuilder.swift; sourceTree = "<group>"; };
		2F97A6602DEA25B8006C808A /* AnimationController.swift */ = {isa = PBXFileReference; lastKnownFileType = sourcecode.swift; path = AnimationController.swift; sourceTree = "<group>"; };
		2F97A6642DEA883A006C808A /* GraphBuilder.swift */ = {isa = PBXFileReference; lastKnownFileType = sourcecode.swift; path = GraphBuilder.swift; sourceTree = "<group>"; };
		2FA694AE2CC8442E006008A5 /* GoogleService-Info.plist */ = {isa = PBXFileReference; fileEncoding = 4; lastKnownFileType = text.plist.xml; path = "GoogleService-Info.plist"; sourceTree = "<group>"; };
		2FA694E42CCAB53A006008A5 /* MenuViewController.swift */ = {isa = PBXFileReference; lastKnownFileType = sourcecode.swift; path = MenuViewController.swift; sourceTree = "<group>"; };
		2FA694E62CCBE2AB006008A5 /* SetupCollectionViewCell.swift */ = {isa = PBXFileReference; lastKnownFileType = sourcecode.swift; path = SetupCollectionViewCell.swift; sourceTree = "<group>"; };
		2FA694E82CCC193D006008A5 /* Setup.swift */ = {isa = PBXFileReference; lastKnownFileType = sourcecode.swift; path = Setup.swift; sourceTree = "<group>"; };
		2FA694EA2CCC89A2006008A5 /* StartCollectionViewCell.swift */ = {isa = PBXFileReference; lastKnownFileType = sourcecode.swift; path = StartCollectionViewCell.swift; sourceTree = "<group>"; };
		2FABE0B72DE7AC9900FA295C /* ruas_maceio.geojson */ = {isa = PBXFileReference; lastKnownFileType = text; path = ruas_maceio.geojson; sourceTree = "<group>"; };
		2FABE0BB2DE7B4CC00FA295C /* Rua.swift */ = {isa = PBXFileReference; lastKnownFileType = sourcecode.swift; path = Rua.swift; sourceTree = "<group>"; };
		2FABE0BD2DE7B69300FA295C /* Grafo.swift */ = {isa = PBXFileReference; lastKnownFileType = sourcecode.swift; path = Grafo.swift; sourceTree = "<group>"; };
		2FABE0C22DE7B90000FA295C /* CLLocationCoordinate2D+Hashable.swift */ = {isa = PBXFileReference; lastKnownFileType = sourcecode.swift; path = "CLLocationCoordinate2D+Hashable.swift"; sourceTree = "<group>"; };
		2FABE0C42DE8004C00FA295C /* MKPolyline.swift */ = {isa = PBXFileReference; lastKnownFileType = sourcecode.swift; path = MKPolyline.swift; sourceTree = "<group>"; };
		2FABE0C62DE807CF00FA295C /* Coordenada.swift */ = {isa = PBXFileReference; lastKnownFileType = sourcecode.swift; path = Coordenada.swift; sourceTree = "<group>"; };
		2FABE0C82DE80F9E00FA295C /* vias_maceio.geojson */ = {isa = PBXFileReference; lastKnownFileType = text; path = vias_maceio.geojson; sourceTree = "<group>"; };
		2FDC5DB52CD4216B000BCF30 /* Start.swift */ = {isa = PBXFileReference; lastKnownFileType = sourcecode.swift; path = Start.swift; sourceTree = "<group>"; };
		2FDECA122C668D1C00748052 /* MapViewController.swift */ = {isa = PBXFileReference; lastKnownFileType = sourcecode.swift; path = MapViewController.swift; sourceTree = "<group>"; };
/* End PBXFileReference section */

/* Begin PBXFrameworksBuildPhase section */
		2F2E4C6F2C31BD1D000E14EE /* Frameworks */ = {
			isa = PBXFrameworksBuildPhase;
			buildActionMask = 2147483647;
			files = (
				2FA694DA2CC95664006008A5 /* FirebaseRemoteConfig in Frameworks */,
				2FA694DE2CC95664006008A5 /* FirebaseStorageCombine-Community in Frameworks */,
				2FA694B42CC95664006008A5 /* FirebaseAnalyticsOnDeviceConversion in Frameworks */,
				2FA694CA2CC95664006008A5 /* FirebaseFirestoreCombine-Community in Frameworks */,
				2FA694BC2CC95664006008A5 /* FirebaseAuth in Frameworks */,
				2FA694E02CC95664006008A5 /* FirebaseVertexAI in Frameworks */,
				2FA694C82CC95664006008A5 /* FirebaseFirestore in Frameworks */,
				2FA694B22CC95664006008A5 /* FirebaseAnalytics in Frameworks */,
				2FA694C62CC95664006008A5 /* FirebaseDynamicLinks in Frameworks */,
				2FA694C42CC95664006008A5 /* FirebaseDatabase in Frameworks */,
				2FA694CE2CC95664006008A5 /* FirebaseFunctionsCombine-Community in Frameworks */,
				2FA694B62CC95664006008A5 /* FirebaseAnalyticsWithoutAdIdSupport in Frameworks */,
				2FA694D82CC95664006008A5 /* FirebasePerformance in Frameworks */,
				2FA694DC2CC95664006008A5 /* FirebaseStorage in Frameworks */,
				2FA694D42CC95664006008A5 /* FirebaseMLModelDownloader in Frameworks */,
				2FA694D02CC95664006008A5 /* FirebaseInAppMessaging-Beta in Frameworks */,
				2FA694BA2CC95664006008A5 /* FirebaseAppDistribution-Beta in Frameworks */,
				2FA694C22CC95664006008A5 /* FirebaseCrashlytics in Frameworks */,
				2FA694BE2CC95664006008A5 /* FirebaseAuthCombine-Community in Frameworks */,
				2FA694CC2CC95664006008A5 /* FirebaseFunctions in Frameworks */,
				2FA694D62CC95664006008A5 /* FirebaseMessaging in Frameworks */,
				2FA694B82CC95664006008A5 /* FirebaseAppCheck in Frameworks */,
				2FA694D22CC95664006008A5 /* FirebaseInstallations in Frameworks */,
				2FA694C02CC95664006008A5 /* FirebaseCore in Frameworks */,
			);
			runOnlyForDeploymentPostprocessing = 0;
		};
		2F2E4C852C31BD1E000E14EE /* Frameworks */ = {
			isa = PBXFrameworksBuildPhase;
			buildActionMask = 2147483647;
			files = (
			);
			runOnlyForDeploymentPostprocessing = 0;
		};
		2F2E4C8F2C31BD1E000E14EE /* Frameworks */ = {
			isa = PBXFrameworksBuildPhase;
			buildActionMask = 2147483647;
			files = (
			);
			runOnlyForDeploymentPostprocessing = 0;
		};
/* End PBXFrameworksBuildPhase section */

/* Begin PBXGroup section */
		2F03302D2C88D9370073DD4C /* Cell */ = {
			isa = PBXGroup;
			children = (
				2F03302E2C88D9770073DD4C /* ZoomCollectionViewCell.swift */,
				2F0330302C8D44B30073DD4C /* CardCollectionViewCell.swift */,
				2FA694E62CCBE2AB006008A5 /* SetupCollectionViewCell.swift */,
				2FA694EA2CCC89A2006008A5 /* StartCollectionViewCell.swift */,
			);
			path = Cell;
			sourceTree = "<group>";
		};
		2F0330322C8D50D40073DD4C /* Model */ = {
			isa = PBXGroup;
			children = (
				2FABE0C62DE807CF00FA295C /* Coordenada.swift */,
				2FABE0BD2DE7B69300FA295C /* Grafo.swift */,
				2FABE0BB2DE7B4CC00FA295C /* Rua.swift */,
				2FDC5DB52CD4216B000BCF30 /* Start.swift */,
				2F0330332C8D50E80073DD4C /* Card.swift */,
				2FA694E82CCC193D006008A5 /* Setup.swift */,
			);
			path = Model;
			sourceTree = "<group>";
		};
		2F2E4C692C31BD1D000E14EE = {
			isa = PBXGroup;
			children = (
				2F2E4C742C31BD1D000E14EE /* SinalizaMaceio */,
				2F2E4C8B2C31BD1E000E14EE /* SinalizaMaceioTests */,
				2F2E4C952C31BD1E000E14EE /* SinalizaMaceioUITests */,
				2F2E4C732C31BD1D000E14EE /* Products */,
			);
			sourceTree = "<group>";
		};
		2F2E4C732C31BD1D000E14EE /* Products */ = {
			isa = PBXGroup;
			children = (
				2F2E4C722C31BD1D000E14EE /* SinalizaMaceio.app */,
				2F2E4C882C31BD1E000E14EE /* SinalizaMaceioTests.xctest */,
				2F2E4C922C31BD1E000E14EE /* SinalizaMaceioUITests.xctest */,
			);
			name = Products;
			sourceTree = "<group>";
		};
		2F2E4C742C31BD1D000E14EE /* SinalizaMaceio */ = {
			isa = PBXGroup;
			children = (
				2FABE0BF2DE7B8C900FA295C /* Extension */,
				2F0330322C8D50D40073DD4C /* Model */,
				2F2E4CA52C31BDE6000E14EE /* View */,
				2F2E4C752C31BD1D000E14EE /* AppDelegate.swift */,
				2F2E4C772C31BD1D000E14EE /* SceneDelegate.swift */,
				2F2E4C7E2C31BD1E000E14EE /* Assets.xcassets */,
				2FABE0C82DE80F9E00FA295C /* vias_maceio.geojson */,
				2FABE0B72DE7AC9900FA295C /* ruas_maceio.geojson */,
				2F2E4C832C31BD1E000E14EE /* Info.plist */,
				2FA694AE2CC8442E006008A5 /* GoogleService-Info.plist */,
			);
			path = SinalizaMaceio;
			sourceTree = "<group>";
		};
		2F2E4C8B2C31BD1E000E14EE /* SinalizaMaceioTests */ = {
			isa = PBXGroup;
			children = (
				2F2E4C8C2C31BD1E000E14EE /* SinalizaMaceioTests.swift */,
			);
			path = SinalizaMaceioTests;
			sourceTree = "<group>";
		};
		2F2E4C952C31BD1E000E14EE /* SinalizaMaceioUITests */ = {
			isa = PBXGroup;
			children = (
				2F2E4C962C31BD1E000E14EE /* SinalizaMaceioUITests.swift */,
				2F2E4C982C31BD1E000E14EE /* SinalizaMaceioUITestsLaunchTests.swift */,
			);
			path = SinalizaMaceioUITests;
			sourceTree = "<group>";
		};
		2F2E4CA52C31BDE6000E14EE /* View */ = {
			isa = PBXGroup;
			children = (
				2F03302D2C88D9370073DD4C /* Cell */,
				2F2E4CA62C31BE0C000E14EE /* FirstViewController.swift */,
				2F2E4CA82C31C2F6000E14EE /* LaunchScreenView.swift */,
				2FDECA122C668D1C00748052 /* MapViewController.swift */,
				2FA694E42CCAB53A006008A5 /* MenuViewController.swift */,
			);
			path = View;
			sourceTree = "<group>";
		};
		2FABE0BF2DE7B8C900FA295C /* Extension */ = {
			isa = PBXGroup;
			children = (
				2F97A6642DEA883A006C808A /* GraphBuilder.swift */,
				2F97A6602DEA25B8006C808A /* AnimationController.swift */,
				2F97A65E2DEA24F3006C808A /* RouteBuilder.swift */,
				2F97A6582DEA22F6006C808A /* GeoJSONLoader.swift */,
				2FABE0C42DE8004C00FA295C /* MKPolyline.swift */,
				2FABE0C22DE7B90000FA295C /* CLLocationCoordinate2D+Hashable.swift */,
			);
			path = Extension;
			sourceTree = "<group>";
		};
/* End PBXGroup section */

/* Begin PBXNativeTarget section */
		2F2E4C712C31BD1D000E14EE /* SinalizaMaceio */ = {
			isa = PBXNativeTarget;
			buildConfigurationList = 2F2E4C9C2C31BD1E000E14EE /* Build configuration list for PBXNativeTarget "SinalizaMaceio" */;
			buildPhases = (
				2F2E4C6E2C31BD1D000E14EE /* Sources */,
				2F2E4C6F2C31BD1D000E14EE /* Frameworks */,
				2F2E4C702C31BD1D000E14EE /* Resources */,
			);
			buildRules = (
			);
			dependencies = (
			);
			name = SinalizaMaceio;
			packageProductDependencies = (
				2FA694B12CC95664006008A5 /* FirebaseAnalytics */,
				2FA694B32CC95664006008A5 /* FirebaseAnalyticsOnDeviceConversion */,
				2FA694B52CC95664006008A5 /* FirebaseAnalyticsWithoutAdIdSupport */,
				2FA694B72CC95664006008A5 /* FirebaseAppCheck */,
				2FA694B92CC95664006008A5 /* FirebaseAppDistribution-Beta */,
				2FA694BB2CC95664006008A5 /* FirebaseAuth */,
				2FA694BD2CC95664006008A5 /* FirebaseAuthCombine-Community */,
				2FA694BF2CC95664006008A5 /* FirebaseCore */,
				2FA694C12CC95664006008A5 /* FirebaseCrashlytics */,
				2FA694C32CC95664006008A5 /* FirebaseDatabase */,
				2FA694C52CC95664006008A5 /* FirebaseDynamicLinks */,
				2FA694C72CC95664006008A5 /* FirebaseFirestore */,
				2FA694C92CC95664006008A5 /* FirebaseFirestoreCombine-Community */,
				2FA694CB2CC95664006008A5 /* FirebaseFunctions */,
				2FA694CD2CC95664006008A5 /* FirebaseFunctionsCombine-Community */,
				2FA694CF2CC95664006008A5 /* FirebaseInAppMessaging-Beta */,
				2FA694D12CC95664006008A5 /* FirebaseInstallations */,
				2FA694D32CC95664006008A5 /* FirebaseMLModelDownloader */,
				2FA694D52CC95664006008A5 /* FirebaseMessaging */,
				2FA694D72CC95664006008A5 /* FirebasePerformance */,
				2FA694D92CC95664006008A5 /* FirebaseRemoteConfig */,
				2FA694DB2CC95664006008A5 /* FirebaseStorage */,
				2FA694DD2CC95664006008A5 /* FirebaseStorageCombine-Community */,
				2FA694DF2CC95664006008A5 /* FirebaseVertexAI */,
			);
			productName = SinalizaMaceio;
			productReference = 2F2E4C722C31BD1D000E14EE /* SinalizaMaceio.app */;
			productType = "com.apple.product-type.application";
		};
		2F2E4C872C31BD1E000E14EE /* SinalizaMaceioTests */ = {
			isa = PBXNativeTarget;
			buildConfigurationList = 2F2E4C9F2C31BD1E000E14EE /* Build configuration list for PBXNativeTarget "SinalizaMaceioTests" */;
			buildPhases = (
				2F2E4C842C31BD1E000E14EE /* Sources */,
				2F2E4C852C31BD1E000E14EE /* Frameworks */,
				2F2E4C862C31BD1E000E14EE /* Resources */,
			);
			buildRules = (
			);
			dependencies = (
				2F2E4C8A2C31BD1E000E14EE /* PBXTargetDependency */,
			);
			name = SinalizaMaceioTests;
			productName = SinalizaMaceioTests;
			productReference = 2F2E4C882C31BD1E000E14EE /* SinalizaMaceioTests.xctest */;
			productType = "com.apple.product-type.bundle.unit-test";
		};
		2F2E4C912C31BD1E000E14EE /* SinalizaMaceioUITests */ = {
			isa = PBXNativeTarget;
			buildConfigurationList = 2F2E4CA22C31BD1E000E14EE /* Build configuration list for PBXNativeTarget "SinalizaMaceioUITests" */;
			buildPhases = (
				2F2E4C8E2C31BD1E000E14EE /* Sources */,
				2F2E4C8F2C31BD1E000E14EE /* Frameworks */,
				2F2E4C902C31BD1E000E14EE /* Resources */,
			);
			buildRules = (
			);
			dependencies = (
				2F2E4C942C31BD1E000E14EE /* PBXTargetDependency */,
			);
			name = SinalizaMaceioUITests;
			productName = SinalizaMaceioUITests;
			productReference = 2F2E4C922C31BD1E000E14EE /* SinalizaMaceioUITests.xctest */;
			productType = "com.apple.product-type.bundle.ui-testing";
		};
/* End PBXNativeTarget section */

/* Begin PBXProject section */
		2F2E4C6A2C31BD1D000E14EE /* Project object */ = {
			isa = PBXProject;
			attributes = {
				BuildIndependentTargetsInParallel = 1;
				LastSwiftUpdateCheck = 1540;
				LastUpgradeCheck = 1540;
				TargetAttributes = {
					2F2E4C712C31BD1D000E14EE = {
						CreatedOnToolsVersion = 15.4;
					};
					2F2E4C872C31BD1E000E14EE = {
						CreatedOnToolsVersion = 15.4;
						TestTargetID = 2F2E4C712C31BD1D000E14EE;
					};
					2F2E4C912C31BD1E000E14EE = {
						CreatedOnToolsVersion = 15.4;
						TestTargetID = 2F2E4C712C31BD1D000E14EE;
					};
				};
			};
			buildConfigurationList = 2F2E4C6D2C31BD1D000E14EE /* Build configuration list for PBXProject "SinalizaMaceio" */;
			compatibilityVersion = "Xcode 14.0";
			developmentRegion = en;
			hasScannedForEncodings = 0;
			knownRegions = (
				en,
				Base,
			);
			mainGroup = 2F2E4C692C31BD1D000E14EE;
			packageReferences = (
				2FA694B02CC84762006008A5 /* XCRemoteSwiftPackageReference "firebase-ios-sdk" */,
				2FA694E12CCA8BB9006008A5 /* XCRemoteSwiftPackageReference "lottie-ios" */,
			);
			productRefGroup = 2F2E4C732C31BD1D000E14EE /* Products */;
			projectDirPath = "";
			projectRoot = "";
			targets = (
				2F2E4C712C31BD1D000E14EE /* SinalizaMaceio */,
				2F2E4C872C31BD1E000E14EE /* SinalizaMaceioTests */,
				2F2E4C912C31BD1E000E14EE /* SinalizaMaceioUITests */,
			);
		};
/* End PBXProject section */

/* Begin PBXResourcesBuildPhase section */
		2F2E4C702C31BD1D000E14EE /* Resources */ = {
			isa = PBXResourcesBuildPhase;
			buildActionMask = 2147483647;
			files = (
				2FABE0BA2DE7AC9900FA295C /* ruas_maceio.geojson in Resources */,
				2FA694AF2CC8442E006008A5 /* GoogleService-Info.plist in Resources */,
				2FABE0C92DE80F9E00FA295C /* vias_maceio.geojson in Resources */,
				2F2E4C7F2C31BD1E000E14EE /* Assets.xcassets in Resources */,
			);
			runOnlyForDeploymentPostprocessing = 0;
		};
		2F2E4C862C31BD1E000E14EE /* Resources */ = {
			isa = PBXResourcesBuildPhase;
			buildActionMask = 2147483647;
			files = (
				2FABE0CB2DE80F9E00FA295C /* vias_maceio.geojson in Resources */,
				2FABE0B92DE7AC9900FA295C /* ruas_maceio.geojson in Resources */,
			);
			runOnlyForDeploymentPostprocessing = 0;
		};
		2F2E4C902C31BD1E000E14EE /* Resources */ = {
			isa = PBXResourcesBuildPhase;
			buildActionMask = 2147483647;
			files = (
				2FABE0CA2DE80F9E00FA295C /* vias_maceio.geojson in Resources */,
				2FABE0B82DE7AC9900FA295C /* ruas_maceio.geojson in Resources */,
			);
			runOnlyForDeploymentPostprocessing = 0;
		};
/* End PBXResourcesBuildPhase section */

/* Begin PBXSourcesBuildPhase section */
		2F2E4C6E2C31BD1D000E14EE /* Sources */ = {
			isa = PBXSourcesBuildPhase;
			buildActionMask = 2147483647;
			files = (
				2FA694E92CCC193D006008A5 /* Setup.swift in Sources */,
				2FA694EB2CCC89A2006008A5 /* StartCollectionViewCell.swift in Sources */,
				2F2E4CA72C31BE0C000E14EE /* FirstViewController.swift in Sources */,
				2F03302F2C88D9770073DD4C /* ZoomCollectionViewCell.swift in Sources */,
				2FA694E72CCBE2AB006008A5 /* SetupCollectionViewCell.swift in Sources */,
				2FABE0C72DE807CF00FA295C /* Coordenada.swift in Sources */,
				2F97A6592DEA22F6006C808A /* GeoJSONLoader.swift in Sources */,
				2F2E4C762C31BD1D000E14EE /* AppDelegate.swift in Sources */,
				2F2E4C782C31BD1D000E14EE /* SceneDelegate.swift in Sources */,
				2FABE0BE2DE7B69300FA295C /* Grafo.swift in Sources */,
				2FA694E52CCAB53A006008A5 /* MenuViewController.swift in Sources */,
				2FABE0C32DE7B91200FA295C /* CLLocationCoordinate2D+Hashable.swift in Sources */,
				2F97A6612DEA25B8006C808A /* AnimationController.swift in Sources */,
				2F0330312C8D44B30073DD4C /* CardCollectionViewCell.swift in Sources */,
				2FABE0C52DE8006100FA295C /* MKPolyline.swift in Sources */,
				2FDECA132C668D1C00748052 /* MapViewController.swift in Sources */,
				2FABE0BC2DE7B4CC00FA295C /* Rua.swift in Sources */,
				2FDC5DB62CD42173000BCF30 /* Start.swift in Sources */,
				2F2E4CA92C31C2F6000E14EE /* LaunchScreenView.swift in Sources */,
				2F0330342C8D50E80073DD4C /* Card.swift in Sources */,
				2F97A65F2DEA24F3006C808A /* RouteBuilder.swift in Sources */,
				2F97A6652DEA883A006C808A /* GraphBuilder.swift in Sources */,
			);
			runOnlyForDeploymentPostprocessing = 0;
		};
		2F2E4C842C31BD1E000E14EE /* Sources */ = {
			isa = PBXSourcesBuildPhase;
			buildActionMask = 2147483647;
			files = (
				2F2E4C8D2C31BD1E000E14EE /* SinalizaMaceioTests.swift in Sources */,
			);
			runOnlyForDeploymentPostprocessing = 0;
		};
		2F2E4C8E2C31BD1E000E14EE /* Sources */ = {
			isa = PBXSourcesBuildPhase;
			buildActionMask = 2147483647;
			files = (
				2F2E4C972C31BD1E000E14EE /* SinalizaMaceioUITests.swift in Sources */,
				2F2E4C992C31BD1E000E14EE /* SinalizaMaceioUITestsLaunchTests.swift in Sources */,
			);
			runOnlyForDeploymentPostprocessing = 0;
		};
/* End PBXSourcesBuildPhase section */

/* Begin PBXTargetDependency section */
		2F2E4C8A2C31BD1E000E14EE /* PBXTargetDependency */ = {
			isa = PBXTargetDependency;
			target = 2F2E4C712C31BD1D000E14EE /* SinalizaMaceio */;
			targetProxy = 2F2E4C892C31BD1E000E14EE /* PBXContainerItemProxy */;
		};
		2F2E4C942C31BD1E000E14EE /* PBXTargetDependency */ = {
			isa = PBXTargetDependency;
			target = 2F2E4C712C31BD1D000E14EE /* SinalizaMaceio */;
			targetProxy = 2F2E4C932C31BD1E000E14EE /* PBXContainerItemProxy */;
		};
/* End PBXTargetDependency section */

/* Begin XCBuildConfiguration section */
		2F2E4C9A2C31BD1E000E14EE /* Debug */ = {
			isa = XCBuildConfiguration;
			buildSettings = {
				ALWAYS_SEARCH_USER_PATHS = NO;
				ASSETCATALOG_COMPILER_GENERATE_SWIFT_ASSET_SYMBOL_EXTENSIONS = YES;
				CLANG_ANALYZER_NONNULL = YES;
				CLANG_ANALYZER_NUMBER_OBJECT_CONVERSION = YES_AGGRESSIVE;
				CLANG_CXX_LANGUAGE_STANDARD = "gnu++20";
				CLANG_ENABLE_MODULES = YES;
				CLANG_ENABLE_OBJC_ARC = YES;
				CLANG_ENABLE_OBJC_WEAK = YES;
				CLANG_WARN_BLOCK_CAPTURE_AUTORELEASING = YES;
				CLANG_WARN_BOOL_CONVERSION = YES;
				CLANG_WARN_COMMA = YES;
				CLANG_WARN_CONSTANT_CONVERSION = YES;
				CLANG_WARN_DEPRECATED_OBJC_IMPLEMENTATIONS = YES;
				CLANG_WARN_DIRECT_OBJC_ISA_USAGE = YES_ERROR;
				CLANG_WARN_DOCUMENTATION_COMMENTS = YES;
				CLANG_WARN_EMPTY_BODY = YES;
				CLANG_WARN_ENUM_CONVERSION = YES;
				CLANG_WARN_INFINITE_RECURSION = YES;
				CLANG_WARN_INT_CONVERSION = YES;
				CLANG_WARN_NON_LITERAL_NULL_CONVERSION = YES;
				CLANG_WARN_OBJC_IMPLICIT_RETAIN_SELF = YES;
				CLANG_WARN_OBJC_LITERAL_CONVERSION = YES;
				CLANG_WARN_OBJC_ROOT_CLASS = YES_ERROR;
				CLANG_WARN_QUOTED_INCLUDE_IN_FRAMEWORK_HEADER = YES;
				CLANG_WARN_RANGE_LOOP_ANALYSIS = YES;
				CLANG_WARN_STRICT_PROTOTYPES = YES;
				CLANG_WARN_SUSPICIOUS_MOVE = YES;
				CLANG_WARN_UNGUARDED_AVAILABILITY = YES_AGGRESSIVE;
				CLANG_WARN_UNREACHABLE_CODE = YES;
				CLANG_WARN__DUPLICATE_METHOD_MATCH = YES;
				COPY_PHASE_STRIP = NO;
				DEBUG_INFORMATION_FORMAT = dwarf;
				ENABLE_STRICT_OBJC_MSGSEND = YES;
				ENABLE_TESTABILITY = YES;
				ENABLE_USER_SCRIPT_SANDBOXING = YES;
				GCC_C_LANGUAGE_STANDARD = gnu17;
				GCC_DYNAMIC_NO_PIC = NO;
				GCC_NO_COMMON_BLOCKS = YES;
				GCC_OPTIMIZATION_LEVEL = 0;
				GCC_PREPROCESSOR_DEFINITIONS = (
					"DEBUG=1",
					"$(inherited)",
				);
				GCC_WARN_64_TO_32_BIT_CONVERSION = YES;
				GCC_WARN_ABOUT_RETURN_TYPE = YES_ERROR;
				GCC_WARN_UNDECLARED_SELECTOR = YES;
				GCC_WARN_UNINITIALIZED_AUTOS = YES_AGGRESSIVE;
				GCC_WARN_UNUSED_FUNCTION = YES;
				GCC_WARN_UNUSED_VARIABLE = YES;
				IPHONEOS_DEPLOYMENT_TARGET = 17.5;
				LOCALIZATION_PREFERS_STRING_CATALOGS = YES;
				MTL_ENABLE_DEBUG_INFO = INCLUDE_SOURCE;
				MTL_FAST_MATH = YES;
				ONLY_ACTIVE_ARCH = YES;
				SDKROOT = iphoneos;
				SWIFT_ACTIVE_COMPILATION_CONDITIONS = "DEBUG $(inherited)";
				SWIFT_OPTIMIZATION_LEVEL = "-Onone";
			};
			name = Debug;
		};
		2F2E4C9B2C31BD1E000E14EE /* Release */ = {
			isa = XCBuildConfiguration;
			buildSettings = {
				ALWAYS_SEARCH_USER_PATHS = NO;
				ASSETCATALOG_COMPILER_GENERATE_SWIFT_ASSET_SYMBOL_EXTENSIONS = YES;
				CLANG_ANALYZER_NONNULL = YES;
				CLANG_ANALYZER_NUMBER_OBJECT_CONVERSION = YES_AGGRESSIVE;
				CLANG_CXX_LANGUAGE_STANDARD = "gnu++20";
				CLANG_ENABLE_MODULES = YES;
				CLANG_ENABLE_OBJC_ARC = YES;
				CLANG_ENABLE_OBJC_WEAK = YES;
				CLANG_WARN_BLOCK_CAPTURE_AUTORELEASING = YES;
				CLANG_WARN_BOOL_CONVERSION = YES;
				CLANG_WARN_COMMA = YES;
				CLANG_WARN_CONSTANT_CONVERSION = YES;
				CLANG_WARN_DEPRECATED_OBJC_IMPLEMENTATIONS = YES;
				CLANG_WARN_DIRECT_OBJC_ISA_USAGE = YES_ERROR;
				CLANG_WARN_DOCUMENTATION_COMMENTS = YES;
				CLANG_WARN_EMPTY_BODY = YES;
				CLANG_WARN_ENUM_CONVERSION = YES;
				CLANG_WARN_INFINITE_RECURSION = YES;
				CLANG_WARN_INT_CONVERSION = YES;
				CLANG_WARN_NON_LITERAL_NULL_CONVERSION = YES;
				CLANG_WARN_OBJC_IMPLICIT_RETAIN_SELF = YES;
				CLANG_WARN_OBJC_LITERAL_CONVERSION = YES;
				CLANG_WARN_OBJC_ROOT_CLASS = YES_ERROR;
				CLANG_WARN_QUOTED_INCLUDE_IN_FRAMEWORK_HEADER = YES;
				CLANG_WARN_RANGE_LOOP_ANALYSIS = YES;
				CLANG_WARN_STRICT_PROTOTYPES = YES;
				CLANG_WARN_SUSPICIOUS_MOVE = YES;
				CLANG_WARN_UNGUARDED_AVAILABILITY = YES_AGGRESSIVE;
				CLANG_WARN_UNREACHABLE_CODE = YES;
				CLANG_WARN__DUPLICATE_METHOD_MATCH = YES;
				COPY_PHASE_STRIP = NO;
				DEBUG_INFORMATION_FORMAT = "dwarf-with-dsym";
				ENABLE_NS_ASSERTIONS = NO;
				ENABLE_STRICT_OBJC_MSGSEND = YES;
				ENABLE_USER_SCRIPT_SANDBOXING = YES;
				GCC_C_LANGUAGE_STANDARD = gnu17;
				GCC_NO_COMMON_BLOCKS = YES;
				GCC_WARN_64_TO_32_BIT_CONVERSION = YES;
				GCC_WARN_ABOUT_RETURN_TYPE = YES_ERROR;
				GCC_WARN_UNDECLARED_SELECTOR = YES;
				GCC_WARN_UNINITIALIZED_AUTOS = YES_AGGRESSIVE;
				GCC_WARN_UNUSED_FUNCTION = YES;
				GCC_WARN_UNUSED_VARIABLE = YES;
				IPHONEOS_DEPLOYMENT_TARGET = 17.5;
				LOCALIZATION_PREFERS_STRING_CATALOGS = YES;
				MTL_ENABLE_DEBUG_INFO = NO;
				MTL_FAST_MATH = YES;
				SDKROOT = iphoneos;
				SWIFT_COMPILATION_MODE = wholemodule;
				VALIDATE_PRODUCT = YES;
			};
			name = Release;
		};
		2F2E4C9D2C31BD1E000E14EE /* Debug */ = {
			isa = XCBuildConfiguration;
			buildSettings = {
				ASSETCATALOG_COMPILER_APPICON_NAME = AppIcon;
				ASSETCATALOG_COMPILER_GLOBAL_ACCENT_COLOR_NAME = AccentColor;
				CODE_SIGN_STYLE = Automatic;
				CURRENT_PROJECT_VERSION = 1;
				DEVELOPMENT_TEAM = XG5AARXYZ4;
				GENERATE_INFOPLIST_FILE = YES;
				INFOPLIST_FILE = SinalizaMaceio/Info.plist;
				INFOPLIST_KEY_UIApplicationSupportsIndirectInputEvents = YES;
				INFOPLIST_KEY_UILaunchStoryboardName = LaunchScreen;
				INFOPLIST_KEY_UIMainStoryboardFile = "";
				INFOPLIST_KEY_UISupportedInterfaceOrientations_iPad = "UIInterfaceOrientationPortrait UIInterfaceOrientationPortraitUpsideDown UIInterfaceOrientationLandscapeLeft UIInterfaceOrientationLandscapeRight";
				INFOPLIST_KEY_UISupportedInterfaceOrientations_iPhone = "UIInterfaceOrientationPortrait UIInterfaceOrientationLandscapeLeft UIInterfaceOrientationLandscapeRight";
				LD_RUNPATH_SEARCH_PATHS = (
					"$(inherited)",
					"@executable_path/Frameworks",
				);
				MARKETING_VERSION = 1.0;
				PRODUCT_BUNDLE_IDENTIFIER = com.mdionisio.SinalizaMaceio;
				PRODUCT_NAME = "$(TARGET_NAME)";
				SWIFT_EMIT_LOC_STRINGS = YES;
				SWIFT_VERSION = 5.0;
				TARGETED_DEVICE_FAMILY = "1,2";
			};
			name = Debug;
		};
		2F2E4C9E2C31BD1E000E14EE /* Release */ = {
			isa = XCBuildConfiguration;
			buildSettings = {
				ASSETCATALOG_COMPILER_APPICON_NAME = AppIcon;
				ASSETCATALOG_COMPILER_GLOBAL_ACCENT_COLOR_NAME = AccentColor;
				CODE_SIGN_STYLE = Automatic;
				CURRENT_PROJECT_VERSION = 1;
				DEVELOPMENT_TEAM = XG5AARXYZ4;
				GENERATE_INFOPLIST_FILE = YES;
				INFOPLIST_FILE = SinalizaMaceio/Info.plist;
				INFOPLIST_KEY_UIApplicationSupportsIndirectInputEvents = YES;
				INFOPLIST_KEY_UILaunchStoryboardName = LaunchScreen;
				INFOPLIST_KEY_UIMainStoryboardFile = "";
				INFOPLIST_KEY_UISupportedInterfaceOrientations_iPad = "UIInterfaceOrientationPortrait UIInterfaceOrientationPortraitUpsideDown UIInterfaceOrientationLandscapeLeft UIInterfaceOrientationLandscapeRight";
				INFOPLIST_KEY_UISupportedInterfaceOrientations_iPhone = "UIInterfaceOrientationPortrait UIInterfaceOrientationLandscapeLeft UIInterfaceOrientationLandscapeRight";
				LD_RUNPATH_SEARCH_PATHS = (
					"$(inherited)",
					"@executable_path/Frameworks",
				);
				MARKETING_VERSION = 1.0;
				PRODUCT_BUNDLE_IDENTIFIER = com.mdionisio.SinalizaMaceio;
				PRODUCT_NAME = "$(TARGET_NAME)";
				SWIFT_EMIT_LOC_STRINGS = YES;
				SWIFT_VERSION = 5.0;
				TARGETED_DEVICE_FAMILY = "1,2";
			};
			name = Release;
		};
		2F2E4CA02C31BD1E000E14EE /* Debug */ = {
			isa = XCBuildConfiguration;
			buildSettings = {
				ALWAYS_EMBED_SWIFT_STANDARD_LIBRARIES = YES;
				BUNDLE_LOADER = "$(TEST_HOST)";
				CODE_SIGN_STYLE = Automatic;
				CURRENT_PROJECT_VERSION = 1;
				DEVELOPMENT_TEAM = XG5AARXYZ4;
				GENERATE_INFOPLIST_FILE = YES;
				IPHONEOS_DEPLOYMENT_TARGET = 17.5;
				MARKETING_VERSION = 1.0;
				PRODUCT_BUNDLE_IDENTIFIER = com.mdionisio.SinalizaMaceioTests;
				PRODUCT_NAME = "$(TARGET_NAME)";
				SWIFT_EMIT_LOC_STRINGS = NO;
				SWIFT_VERSION = 5.0;
				TARGETED_DEVICE_FAMILY = "1,2";
				TEST_HOST = "$(BUILT_PRODUCTS_DIR)/SinalizaMaceio.app/$(BUNDLE_EXECUTABLE_FOLDER_PATH)/SinalizaMaceio";
			};
			name = Debug;
		};
		2F2E4CA12C31BD1E000E14EE /* Release */ = {
			isa = XCBuildConfiguration;
			buildSettings = {
				ALWAYS_EMBED_SWIFT_STANDARD_LIBRARIES = YES;
				BUNDLE_LOADER = "$(TEST_HOST)";
				CODE_SIGN_STYLE = Automatic;
				CURRENT_PROJECT_VERSION = 1;
				DEVELOPMENT_TEAM = XG5AARXYZ4;
				GENERATE_INFOPLIST_FILE = YES;
				IPHONEOS_DEPLOYMENT_TARGET = 17.5;
				MARKETING_VERSION = 1.0;
				PRODUCT_BUNDLE_IDENTIFIER = com.mdionisio.SinalizaMaceioTests;
				PRODUCT_NAME = "$(TARGET_NAME)";
				SWIFT_EMIT_LOC_STRINGS = NO;
				SWIFT_VERSION = 5.0;
				TARGETED_DEVICE_FAMILY = "1,2";
				TEST_HOST = "$(BUILT_PRODUCTS_DIR)/SinalizaMaceio.app/$(BUNDLE_EXECUTABLE_FOLDER_PATH)/SinalizaMaceio";
			};
			name = Release;
		};
		2F2E4CA32C31BD1E000E14EE /* Debug */ = {
			isa = XCBuildConfiguration;
			buildSettings = {
				ALWAYS_EMBED_SWIFT_STANDARD_LIBRARIES = YES;
				CODE_SIGN_STYLE = Automatic;
				CURRENT_PROJECT_VERSION = 1;
				DEVELOPMENT_TEAM = XG5AARXYZ4;
				GENERATE_INFOPLIST_FILE = YES;
				MARKETING_VERSION = 1.0;
				PRODUCT_BUNDLE_IDENTIFIER = com.mdionisio.SinalizaMaceioUITests;
				PRODUCT_NAME = "$(TARGET_NAME)";
				SWIFT_EMIT_LOC_STRINGS = NO;
				SWIFT_VERSION = 5.0;
				TARGETED_DEVICE_FAMILY = "1,2";
				TEST_TARGET_NAME = SinalizaMaceio;
			};
			name = Debug;
		};
		2F2E4CA42C31BD1E000E14EE /* Release */ = {
			isa = XCBuildConfiguration;
			buildSettings = {
				ALWAYS_EMBED_SWIFT_STANDARD_LIBRARIES = YES;
				CODE_SIGN_STYLE = Automatic;
				CURRENT_PROJECT_VERSION = 1;
				DEVELOPMENT_TEAM = XG5AARXYZ4;
				GENERATE_INFOPLIST_FILE = YES;
				MARKETING_VERSION = 1.0;
				PRODUCT_BUNDLE_IDENTIFIER = com.mdionisio.SinalizaMaceioUITests;
				PRODUCT_NAME = "$(TARGET_NAME)";
				SWIFT_EMIT_LOC_STRINGS = NO;
				SWIFT_VERSION = 5.0;
				TARGETED_DEVICE_FAMILY = "1,2";
				TEST_TARGET_NAME = SinalizaMaceio;
			};
			name = Release;
		};
/* End XCBuildConfiguration section */

/* Begin XCConfigurationList section */
		2F2E4C6D2C31BD1D000E14EE /* Build configuration list for PBXProject "SinalizaMaceio" */ = {
			isa = XCConfigurationList;
			buildConfigurations = (
				2F2E4C9A2C31BD1E000E14EE /* Debug */,
				2F2E4C9B2C31BD1E000E14EE /* Release */,
			);
			defaultConfigurationIsVisible = 0;
			defaultConfigurationName = Release;
		};
		2F2E4C9C2C31BD1E000E14EE /* Build configuration list for PBXNativeTarget "SinalizaMaceio" */ = {
			isa = XCConfigurationList;
			buildConfigurations = (
				2F2E4C9D2C31BD1E000E14EE /* Debug */,
				2F2E4C9E2C31BD1E000E14EE /* Release */,
			);
			defaultConfigurationIsVisible = 0;
			defaultConfigurationName = Release;
		};
		2F2E4C9F2C31BD1E000E14EE /* Build configuration list for PBXNativeTarget "SinalizaMaceioTests" */ = {
			isa = XCConfigurationList;
			buildConfigurations = (
				2F2E4CA02C31BD1E000E14EE /* Debug */,
				2F2E4CA12C31BD1E000E14EE /* Release */,
			);
			defaultConfigurationIsVisible = 0;
			defaultConfigurationName = Release;
		};
		2F2E4CA22C31BD1E000E14EE /* Build configuration list for PBXNativeTarget "SinalizaMaceioUITests" */ = {
			isa = XCConfigurationList;
			buildConfigurations = (
				2F2E4CA32C31BD1E000E14EE /* Debug */,
				2F2E4CA42C31BD1E000E14EE /* Release */,
			);
			defaultConfigurationIsVisible = 0;
			defaultConfigurationName = Release;
		};
/* End XCConfigurationList section */

/* Begin XCRemoteSwiftPackageReference section */
		2FA694B02CC84762006008A5 /* XCRemoteSwiftPackageReference "firebase-ios-sdk" */ = {
			isa = XCRemoteSwiftPackageReference;
			repositoryURL = "https://github.com/firebase/firebase-ios-sdk";
			requirement = {
				kind = upToNextMajorVersion;
				minimumVersion = 11.4.0;
			};
		};
		2FA694E12CCA8BB9006008A5 /* XCRemoteSwiftPackageReference "lottie-ios" */ = {
			isa = XCRemoteSwiftPackageReference;
			repositoryURL = "https://github.com/airbnb/lottie-ios.git";
			requirement = {
				kind = upToNextMajorVersion;
				minimumVersion = 4.5.0;
			};
		};
/* End XCRemoteSwiftPackageReference section */

/* Begin XCSwiftPackageProductDependency section */
		2FA694B12CC95664006008A5 /* FirebaseAnalytics */ = {
			isa = XCSwiftPackageProductDependency;
			package = 2FA694B02CC84762006008A5 /* XCRemoteSwiftPackageReference "firebase-ios-sdk" */;
			productName = FirebaseAnalytics;
		};
		2FA694B32CC95664006008A5 /* FirebaseAnalyticsOnDeviceConversion */ = {
			isa = XCSwiftPackageProductDependency;
			package = 2FA694B02CC84762006008A5 /* XCRemoteSwiftPackageReference "firebase-ios-sdk" */;
			productName = FirebaseAnalyticsOnDeviceConversion;
		};
		2FA694B52CC95664006008A5 /* FirebaseAnalyticsWithoutAdIdSupport */ = {
			isa = XCSwiftPackageProductDependency;
			package = 2FA694B02CC84762006008A5 /* XCRemoteSwiftPackageReference "firebase-ios-sdk" */;
			productName = FirebaseAnalyticsWithoutAdIdSupport;
		};
		2FA694B72CC95664006008A5 /* FirebaseAppCheck */ = {
			isa = XCSwiftPackageProductDependency;
			package = 2FA694B02CC84762006008A5 /* XCRemoteSwiftPackageReference "firebase-ios-sdk" */;
			productName = FirebaseAppCheck;
		};
		2FA694B92CC95664006008A5 /* FirebaseAppDistribution-Beta */ = {
			isa = XCSwiftPackageProductDependency;
			package = 2FA694B02CC84762006008A5 /* XCRemoteSwiftPackageReference "firebase-ios-sdk" */;
			productName = "FirebaseAppDistribution-Beta";
		};
		2FA694BB2CC95664006008A5 /* FirebaseAuth */ = {
			isa = XCSwiftPackageProductDependency;
			package = 2FA694B02CC84762006008A5 /* XCRemoteSwiftPackageReference "firebase-ios-sdk" */;
			productName = FirebaseAuth;
		};
		2FA694BD2CC95664006008A5 /* FirebaseAuthCombine-Community */ = {
			isa = XCSwiftPackageProductDependency;
			package = 2FA694B02CC84762006008A5 /* XCRemoteSwiftPackageReference "firebase-ios-sdk" */;
			productName = "FirebaseAuthCombine-Community";
		};
		2FA694BF2CC95664006008A5 /* FirebaseCore */ = {
			isa = XCSwiftPackageProductDependency;
			package = 2FA694B02CC84762006008A5 /* XCRemoteSwiftPackageReference "firebase-ios-sdk" */;
			productName = FirebaseCore;
		};
		2FA694C12CC95664006008A5 /* FirebaseCrashlytics */ = {
			isa = XCSwiftPackageProductDependency;
			package = 2FA694B02CC84762006008A5 /* XCRemoteSwiftPackageReference "firebase-ios-sdk" */;
			productName = FirebaseCrashlytics;
		};
		2FA694C32CC95664006008A5 /* FirebaseDatabase */ = {
			isa = XCSwiftPackageProductDependency;
			package = 2FA694B02CC84762006008A5 /* XCRemoteSwiftPackageReference "firebase-ios-sdk" */;
			productName = FirebaseDatabase;
		};
		2FA694C52CC95664006008A5 /* FirebaseDynamicLinks */ = {
			isa = XCSwiftPackageProductDependency;
			package = 2FA694B02CC84762006008A5 /* XCRemoteSwiftPackageReference "firebase-ios-sdk" */;
			productName = FirebaseDynamicLinks;
		};
		2FA694C72CC95664006008A5 /* FirebaseFirestore */ = {
			isa = XCSwiftPackageProductDependency;
			package = 2FA694B02CC84762006008A5 /* XCRemoteSwiftPackageReference "firebase-ios-sdk" */;
			productName = FirebaseFirestore;
		};
		2FA694C92CC95664006008A5 /* FirebaseFirestoreCombine-Community */ = {
			isa = XCSwiftPackageProductDependency;
			package = 2FA694B02CC84762006008A5 /* XCRemoteSwiftPackageReference "firebase-ios-sdk" */;
			productName = "FirebaseFirestoreCombine-Community";
		};
		2FA694CB2CC95664006008A5 /* FirebaseFunctions */ = {
			isa = XCSwiftPackageProductDependency;
			package = 2FA694B02CC84762006008A5 /* XCRemoteSwiftPackageReference "firebase-ios-sdk" */;
			productName = FirebaseFunctions;
		};
		2FA694CD2CC95664006008A5 /* FirebaseFunctionsCombine-Community */ = {
			isa = XCSwiftPackageProductDependency;
			package = 2FA694B02CC84762006008A5 /* XCRemoteSwiftPackageReference "firebase-ios-sdk" */;
			productName = "FirebaseFunctionsCombine-Community";
		};
		2FA694CF2CC95664006008A5 /* FirebaseInAppMessaging-Beta */ = {
			isa = XCSwiftPackageProductDependency;
			package = 2FA694B02CC84762006008A5 /* XCRemoteSwiftPackageReference "firebase-ios-sdk" */;
			productName = "FirebaseInAppMessaging-Beta";
		};
		2FA694D12CC95664006008A5 /* FirebaseInstallations */ = {
			isa = XCSwiftPackageProductDependency;
			package = 2FA694B02CC84762006008A5 /* XCRemoteSwiftPackageReference "firebase-ios-sdk" */;
			productName = FirebaseInstallations;
		};
		2FA694D32CC95664006008A5 /* FirebaseMLModelDownloader */ = {
			isa = XCSwiftPackageProductDependency;
			package = 2FA694B02CC84762006008A5 /* XCRemoteSwiftPackageReference "firebase-ios-sdk" */;
			productName = FirebaseMLModelDownloader;
		};
		2FA694D52CC95664006008A5 /* FirebaseMessaging */ = {
			isa = XCSwiftPackageProductDependency;
			package = 2FA694B02CC84762006008A5 /* XCRemoteSwiftPackageReference "firebase-ios-sdk" */;
			productName = FirebaseMessaging;
		};
		2FA694D72CC95664006008A5 /* FirebasePerformance */ = {
			isa = XCSwiftPackageProductDependency;
			package = 2FA694B02CC84762006008A5 /* XCRemoteSwiftPackageReference "firebase-ios-sdk" */;
			productName = FirebasePerformance;
		};
		2FA694D92CC95664006008A5 /* FirebaseRemoteConfig */ = {
			isa = XCSwiftPackageProductDependency;
			package = 2FA694B02CC84762006008A5 /* XCRemoteSwiftPackageReference "firebase-ios-sdk" */;
			productName = FirebaseRemoteConfig;
		};
		2FA694DB2CC95664006008A5 /* FirebaseStorage */ = {
			isa = XCSwiftPackageProductDependency;
			package = 2FA694B02CC84762006008A5 /* XCRemoteSwiftPackageReference "firebase-ios-sdk" */;
			productName = FirebaseStorage;
		};
		2FA694DD2CC95664006008A5 /* FirebaseStorageCombine-Community */ = {
			isa = XCSwiftPackageProductDependency;
			package = 2FA694B02CC84762006008A5 /* XCRemoteSwiftPackageReference "firebase-ios-sdk" */;
			productName = "FirebaseStorageCombine-Community";
		};
		2FA694DF2CC95664006008A5 /* FirebaseVertexAI */ = {
			isa = XCSwiftPackageProductDependency;
			package = 2FA694B02CC84762006008A5 /* XCRemoteSwiftPackageReference "firebase-ios-sdk" */;
			productName = FirebaseVertexAI;
		};
/* End XCSwiftPackageProductDependency section */
	};
	rootObject = 2F2E4C6A2C31BD1D000E14EE /* Project object */;
}
