// !$*UTF8*$!
{
	archiveVersion = 1;
	classes = {
	};
	objectVersion = 56;
	objects = {

/* Begin PBXBuildFile section */
		2F2E4C762C31BD1D000E14EE /* AppDelegate.swift in Sources */ = {isa = PBXBuildFile; fileRef = 2F2E4C752C31BD1D000E14EE /* AppDelegate.swift */; };
		2F2E4C782C31BD1D000E14EE /* SceneDelegate.swift in Sources */ = {isa = PBXBuildFile; fileRef = 2F2E4C772C31BD1D000E14EE /* SceneDelegate.swift */; };
		2F2E4C7F2C31BD1E000E14EE /* Assets.xcassets in Resources */ = {isa = PBXBuildFile; fileRef = 2F2E4C7E2C31BD1E000E14EE /* Assets.xcassets */; };
		2F2E4C8D2C31BD1E000E14EE /* SinalizaMaceioTests.swift in Sources */ = {isa = PBXBuildFile; fileRef = 2F2E4C8C2C31BD1E000E14EE /* SinalizaMaceioTests.swift */; };
		2F2E4C972C31BD1E000E14EE /* SinalizaMaceioUITests.swift in Sources */ = {isa = PBXBuildFile; fileRef = 2F2E4C962C31BD1E000E14EE /* SinalizaMaceioUITests.swift */; };
		2F2E4C992C31BD1E000E14EE /* SinalizaMaceioUITestsLaunchTests.swift in Sources */ = {isa = PBXBuildFile; fileRef = 2F2E4C982C31BD1E000E14EE /* SinalizaMaceioUITestsLaunchTests.swift */; };
		2F2E4CA72C31BE0C000E14EE /* FirstViewController.swift in Sources */ = {isa = PBXBuildFile; fileRef = 2F2E4CA62C31BE0C000E14EE /* FirstViewController.swift */; };
		2F2E4CA92C31C2F6000E14EE /* LaunchScreenView.swift in Sources */ = {isa = PBXBuildFile; fileRef = 2F2E4CA82C31C2F6000E14EE /* LaunchScreenView.swift */; };
		2FA9D6772C77E215005845E9 /* TomTomSDKBindingFrameworkSecurityInternal in Frameworks */ = {isa = PBXBuildFile; productRef = 2FA9D6762C77E215005845E9 /* TomTomSDKBindingFrameworkSecurityInternal */; };
		2FA9D6792C77E215005845E9 /* TomTomSDKBindingMapMatchingInternal in Frameworks */ = {isa = PBXBuildFile; productRef = 2FA9D6782C77E215005845E9 /* TomTomSDKBindingMapMatchingInternal */; };
		2FA9D67B2C77E215005845E9 /* TomTomSDKBindingNDSLiveTileStoreAccessInternal in Frameworks */ = {isa = PBXBuildFile; productRef = 2FA9D67A2C77E215005845E9 /* TomTomSDKBindingNDSLiveTileStoreAccessInternal */; };
		2FA9D67D2C77E215005845E9 /* TomTomSDKBindingNavigationTextGenerationInternal in Frameworks */ = {isa = PBXBuildFile; productRef = 2FA9D67C2C77E215005845E9 /* TomTomSDKBindingNavigationTextGenerationInternal */; };
		2FA9D67F2C77E215005845E9 /* TomTomSDKBindingNavigationTileStoreAccessInternal in Frameworks */ = {isa = PBXBuildFile; productRef = 2FA9D67E2C77E215005845E9 /* TomTomSDKBindingNavigationTileStoreAccessInternal */; };
		2FA9D6812C77E215005845E9 /* TomTomSDKBindingNavigationTilingInternal in Frameworks */ = {isa = PBXBuildFile; productRef = 2FA9D6802C77E215005845E9 /* TomTomSDKBindingNavigationTilingInternal */; };
		2FA9D6832C77E215005845E9 /* TomTomSDKBindingOpenLRInternal in Frameworks */ = {isa = PBXBuildFile; productRef = 2FA9D6822C77E215005845E9 /* TomTomSDKBindingOpenLRInternal */; };
		2FA9D6852C77E215005845E9 /* TomTomSDKBindingRouteProjectionInternal in Frameworks */ = {isa = PBXBuildFile; productRef = 2FA9D6842C77E215005845E9 /* TomTomSDKBindingRouteProjectionInternal */; };
		2FA9D6872C77E215005845E9 /* TomTomSDKBindingUnifiedOpenLRInternal in Frameworks */ = {isa = PBXBuildFile; productRef = 2FA9D6862C77E215005845E9 /* TomTomSDKBindingUnifiedOpenLRInternal */; };
		2FA9D6892C77E215005845E9 /* TomTomSDKBindingVehicleHorizonInternal in Frameworks */ = {isa = PBXBuildFile; productRef = 2FA9D6882C77E215005845E9 /* TomTomSDKBindingVehicleHorizonInternal */; };
		2FA9D68B2C77E215005845E9 /* TomTomSDKBindingVehicleHorizonTileStoreMapInternal in Frameworks */ = {isa = PBXBuildFile; productRef = 2FA9D68A2C77E215005845E9 /* TomTomSDKBindingVehicleHorizonTileStoreMapInternal */; };
		2FA9D68D2C77E215005845E9 /* TomTomSDKBindingVehicleHorizonUnifiedMapInternal in Frameworks */ = {isa = PBXBuildFile; productRef = 2FA9D68C2C77E215005845E9 /* TomTomSDKBindingVehicleHorizonUnifiedMapInternal */; };
		2FA9D68F2C77E215005845E9 /* TomTomSDKDataManagement in Frameworks */ = {isa = PBXBuildFile; productRef = 2FA9D68E2C77E215005845E9 /* TomTomSDKDataManagement */; };
		2FA9D6912C77E215005845E9 /* TomTomSDKDataStoreMaintenanceEngine in Frameworks */ = {isa = PBXBuildFile; productRef = 2FA9D6902C77E215005845E9 /* TomTomSDKDataStoreMaintenanceEngine */; };
		2FA9D6932C77E215005845E9 /* TomTomSDKDataStoreUpdater in Frameworks */ = {isa = PBXBuildFile; productRef = 2FA9D6922C77E215005845E9 /* TomTomSDKDataStoreUpdater */; };
		2FA9D6952C77E215005845E9 /* TomTomSDKDefaultTextToSpeech in Frameworks */ = {isa = PBXBuildFile; productRef = 2FA9D6942C77E215005845E9 /* TomTomSDKDefaultTextToSpeech */; };
		2FA9D6972C77E215005845E9 /* TomTomSDKHazards in Frameworks */ = {isa = PBXBuildFile; productRef = 2FA9D6962C77E215005845E9 /* TomTomSDKHazards */; };
		2FA9D6992C77E215005845E9 /* TomTomSDKHazardsDataAdapterOnline in Frameworks */ = {isa = PBXBuildFile; productRef = 2FA9D6982C77E215005845E9 /* TomTomSDKHazardsDataAdapterOnline */; };
		2FA9D69B2C77E215005845E9 /* TomTomSDKHorizonEngineCommon in Frameworks */ = {isa = PBXBuildFile; productRef = 2FA9D69A2C77E215005845E9 /* TomTomSDKHorizonEngineCommon */; };
		2FA9D69D2C77E215005845E9 /* TomTomSDKHorizonEngineTileStore in Frameworks */ = {isa = PBXBuildFile; productRef = 2FA9D69C2C77E215005845E9 /* TomTomSDKHorizonEngineTileStore */; };
		2FA9D69F2C77E215005845E9 /* TomTomSDKHorizonEngineUnified in Frameworks */ = {isa = PBXBuildFile; productRef = 2FA9D69E2C77E215005845E9 /* TomTomSDKHorizonEngineUnified */; };
		2FA9D6A12C77E215005845E9 /* TomTomSDKLocationTracesRecorder in Frameworks */ = {isa = PBXBuildFile; productRef = 2FA9D6A02C77E215005845E9 /* TomTomSDKLocationTracesRecorder */; };
		2FA9D6A32C77E215005845E9 /* TomTomSDKMapMatchingEngineCommon in Frameworks */ = {isa = PBXBuildFile; productRef = 2FA9D6A22C77E215005845E9 /* TomTomSDKMapMatchingEngineCommon */; };
		2FA9D6A52C77E215005845E9 /* TomTomSDKMapMatchingEngineTileStore in Frameworks */ = {isa = PBXBuildFile; productRef = 2FA9D6A42C77E215005845E9 /* TomTomSDKMapMatchingEngineTileStore */; };
		2FA9D6A72C77E215005845E9 /* TomTomSDKMapMatchingEngineUnified in Frameworks */ = {isa = PBXBuildFile; productRef = 2FA9D6A62C77E215005845E9 /* TomTomSDKMapMatchingEngineUnified */; };
		2FA9D6A92C77E215005845E9 /* TomTomSDKNavigation in Frameworks */ = {isa = PBXBuildFile; productRef = 2FA9D6A82C77E215005845E9 /* TomTomSDKNavigation */; };
		2FA9D6AB2C77E215005845E9 /* TomTomSDKNavigationEngines in Frameworks */ = {isa = PBXBuildFile; productRef = 2FA9D6AA2C77E215005845E9 /* TomTomSDKNavigationEngines */; };
		2FA9D6AD2C77E215005845E9 /* TomTomSDKNavigationHorizonDataAdapter in Frameworks */ = {isa = PBXBuildFile; productRef = 2FA9D6AC2C77E215005845E9 /* TomTomSDKNavigationHorizonDataAdapter */; };
		2FA9D6AF2C77E215005845E9 /* TomTomSDKNavigationOffRoad in Frameworks */ = {isa = PBXBuildFile; productRef = 2FA9D6AE2C77E215005845E9 /* TomTomSDKNavigationOffRoad */; };
		2FA9D6B12C77E215005845E9 /* TomTomSDKNavigationOnline in Frameworks */ = {isa = PBXBuildFile; productRef = 2FA9D6B02C77E215005845E9 /* TomTomSDKNavigationOnline */; };
		2FA9D6B32C77E215005845E9 /* TomTomSDKNavigationTileStore in Frameworks */ = {isa = PBXBuildFile; productRef = 2FA9D6B22C77E215005845E9 /* TomTomSDKNavigationTileStore */; };
		2FA9D6B52C77E215005845E9 /* TomTomSDKNavigationUI in Frameworks */ = {isa = PBXBuildFile; productRef = 2FA9D6B42C77E215005845E9 /* TomTomSDKNavigationUI */; };
		2FA9D6B72C77E215005845E9 /* TomTomSDKNavigationVisualization in Frameworks */ = {isa = PBXBuildFile; productRef = 2FA9D6B62C77E215005845E9 /* TomTomSDKNavigationVisualization */; };
		2FA9D6B92C77E215005845E9 /* TomTomSDKRouteProjectionEngineCommon in Frameworks */ = {isa = PBXBuildFile; productRef = 2FA9D6B82C77E215005845E9 /* TomTomSDKRouteProjectionEngineCommon */; };
		2FA9D6BB2C77E215005845E9 /* TomTomSDKRouteProjectionEngineTileStore in Frameworks */ = {isa = PBXBuildFile; productRef = 2FA9D6BA2C77E215005845E9 /* TomTomSDKRouteProjectionEngineTileStore */; };
		2FA9D6BD2C77E215005845E9 /* TomTomSDKRouteProjectionEngineUnified in Frameworks */ = {isa = PBXBuildFile; productRef = 2FA9D6BC2C77E215005845E9 /* TomTomSDKRouteProjectionEngineUnified */; };
		2FA9D6BF2C77E215005845E9 /* TomTomSDKRouteReplanner in Frameworks */ = {isa = PBXBuildFile; productRef = 2FA9D6BE2C77E215005845E9 /* TomTomSDKRouteReplanner */; };
		2FA9D6C12C77E215005845E9 /* TomTomSDKRouteReplannerDefault in Frameworks */ = {isa = PBXBuildFile; productRef = 2FA9D6C02C77E215005845E9 /* TomTomSDKRouteReplannerDefault */; };
		2FA9D6C32C77E215005845E9 /* TomTomSDKRouteReplannerInternal in Frameworks */ = {isa = PBXBuildFile; productRef = 2FA9D6C22C77E215005845E9 /* TomTomSDKRouteReplannerInternal */; };
		2FA9D6C52C77E215005845E9 /* TomTomSDKSafetyCameras in Frameworks */ = {isa = PBXBuildFile; productRef = 2FA9D6C42C77E215005845E9 /* TomTomSDKSafetyCameras */; };
		2FA9D6C72C77E215005845E9 /* TomTomSDKSafetyLocationsDataAdapterOnline in Frameworks */ = {isa = PBXBuildFile; productRef = 2FA9D6C62C77E215005845E9 /* TomTomSDKSafetyLocationsDataAdapterOnline */; };
		2FA9D6C92C77E215005845E9 /* TomTomSDKTextToSpeech in Frameworks */ = {isa = PBXBuildFile; productRef = 2FA9D6C82C77E215005845E9 /* TomTomSDKTextToSpeech */; };
		2FA9D6CB2C77E215005845E9 /* TomTomSDKTextToSpeechEngine in Frameworks */ = {isa = PBXBuildFile; productRef = 2FA9D6CA2C77E215005845E9 /* TomTomSDKTextToSpeechEngine */; };
		2FA9D6CD2C77E215005845E9 /* TomTomSDKUnifiedLocationDecoder in Frameworks */ = {isa = PBXBuildFile; productRef = 2FA9D6CC2C77E215005845E9 /* TomTomSDKUnifiedLocationDecoder */; };
		2FA9D6D02C77E58D005845E9 /* TomTomSDKBindingFrameworkHTTPInternal in Frameworks */ = {isa = PBXBuildFile; productRef = 2FA9D6CF2C77E58D005845E9 /* TomTomSDKBindingFrameworkHTTPInternal */; };
		2FA9D6D22C77E58D005845E9 /* TomTomSDKBindingFrameworkLoggingInternal in Frameworks */ = {isa = PBXBuildFile; productRef = 2FA9D6D12C77E58D005845E9 /* TomTomSDKBindingFrameworkLoggingInternal */; };
		2FA9D6D42C77E58D005845E9 /* TomTomSDKBindingMapDisplayEngineInternal in Frameworks */ = {isa = PBXBuildFile; productRef = 2FA9D6D32C77E58D005845E9 /* TomTomSDKBindingMapDisplayEngineInternal */; };
		2FA9D6D62C77E58D005845E9 /* TomTomSDKBindingTrafficTileGeneratorInternal in Frameworks */ = {isa = PBXBuildFile; productRef = 2FA9D6D52C77E58D005845E9 /* TomTomSDKBindingTrafficTileGeneratorInternal */; };
		2FA9D6D82C77E58D005845E9 /* TomTomSDKCommon in Frameworks */ = {isa = PBXBuildFile; productRef = 2FA9D6D72C77E58D005845E9 /* TomTomSDKCommon */; };
		2FA9D6DA2C77E58D005845E9 /* TomTomSDKCommonUI in Frameworks */ = {isa = PBXBuildFile; productRef = 2FA9D6D92C77E58D005845E9 /* TomTomSDKCommonUI */; };
		2FA9D6DC2C77E58D005845E9 /* TomTomSDKDynamicData in Frameworks */ = {isa = PBXBuildFile; productRef = 2FA9D6DB2C77E58D005845E9 /* TomTomSDKDynamicData */; };
		2FA9D6DE2C77E58D005845E9 /* TomTomSDKDynamicDataOnline in Frameworks */ = {isa = PBXBuildFile; productRef = 2FA9D6DD2C77E58D005845E9 /* TomTomSDKDynamicDataOnline */; };
		2FA9D6E02C77E58D005845E9 /* TomTomSDKFeatureToggle in Frameworks */ = {isa = PBXBuildFile; productRef = 2FA9D6DF2C77E58D005845E9 /* TomTomSDKFeatureToggle */; };
		2FA9D6E22C77E58D005845E9 /* TomTomSDKLocationProvider in Frameworks */ = {isa = PBXBuildFile; productRef = 2FA9D6E12C77E58D005845E9 /* TomTomSDKLocationProvider */; };
		2FA9D6E42C77E58D005845E9 /* TomTomSDKMQTT in Frameworks */ = {isa = PBXBuildFile; productRef = 2FA9D6E32C77E58D005845E9 /* TomTomSDKMQTT */; };
		2FA9D6E62C77E58D005845E9 /* TomTomSDKMapDisplay in Frameworks */ = {isa = PBXBuildFile; productRef = 2FA9D6E52C77E58D005845E9 /* TomTomSDKMapDisplay */; };
		2FA9D6E82C77E58D005845E9 /* TomTomSDKNetworking in Frameworks */ = {isa = PBXBuildFile; productRef = 2FA9D6E72C77E58D005845E9 /* TomTomSDKNetworking */; };
		2FA9D6EA2C77E58D005845E9 /* TomTomSDKPOIVisualization in Frameworks */ = {isa = PBXBuildFile; productRef = 2FA9D6E92C77E58D005845E9 /* TomTomSDKPOIVisualization */; };
		2FA9D6EC2C77E58D005845E9 /* TomTomSDKPersonalData in Frameworks */ = {isa = PBXBuildFile; productRef = 2FA9D6EB2C77E58D005845E9 /* TomTomSDKPersonalData */; };
		2FA9D6EE2C77E58D005845E9 /* TomTomSDKPersonalDataDefault in Frameworks */ = {isa = PBXBuildFile; productRef = 2FA9D6ED2C77E58D005845E9 /* TomTomSDKPersonalDataDefault */; };
		2FA9D6F02C77E58D005845E9 /* TomTomSDKRangeCalculator in Frameworks */ = {isa = PBXBuildFile; productRef = 2FA9D6EF2C77E58D005845E9 /* TomTomSDKRangeCalculator */; };
		2FA9D6F22C77E58D005845E9 /* TomTomSDKRangeVisualization in Frameworks */ = {isa = PBXBuildFile; productRef = 2FA9D6F12C77E58D005845E9 /* TomTomSDKRangeVisualization */; };
		2FA9D6F42C77E58D005845E9 /* TomTomSDKReverseGeocoder in Frameworks */ = {isa = PBXBuildFile; productRef = 2FA9D6F32C77E58D005845E9 /* TomTomSDKReverseGeocoder */; };
		2FA9D6F62C77E58D005845E9 /* TomTomSDKReverseGeocoderOnline in Frameworks */ = {isa = PBXBuildFile; productRef = 2FA9D6F52C77E58D005845E9 /* TomTomSDKReverseGeocoderOnline */; };
		2FA9D6F82C77E58D005845E9 /* TomTomSDKRoute in Frameworks */ = {isa = PBXBuildFile; productRef = 2FA9D6F72C77E58D005845E9 /* TomTomSDKRoute */; };
		2FA9D6FA2C77E58D005845E9 /* TomTomSDKRoutePlanner in Frameworks */ = {isa = PBXBuildFile; productRef = 2FA9D6F92C77E58D005845E9 /* TomTomSDKRoutePlanner */; };
		2FA9D6FC2C77E58D005845E9 /* TomTomSDKRoutePlannerOnline in Frameworks */ = {isa = PBXBuildFile; productRef = 2FA9D6FB2C77E58D005845E9 /* TomTomSDKRoutePlannerOnline */; };
		2FA9D6FE2C77E58D005845E9 /* TomTomSDKRoutingCommon in Frameworks */ = {isa = PBXBuildFile; productRef = 2FA9D6FD2C77E58D005845E9 /* TomTomSDKRoutingCommon */; };
		2FA9D7002C77E58D005845E9 /* TomTomSDKRoutingVisualization in Frameworks */ = {isa = PBXBuildFile; productRef = 2FA9D6FF2C77E58D005845E9 /* TomTomSDKRoutingVisualization */; };
		2FA9D7022C77E58D005845E9 /* TomTomSDKSearch in Frameworks */ = {isa = PBXBuildFile; productRef = 2FA9D7012C77E58D005845E9 /* TomTomSDKSearch */; };
		2FA9D7042C77E58D005845E9 /* TomTomSDKSearchCommon in Frameworks */ = {isa = PBXBuildFile; productRef = 2FA9D7032C77E58D005845E9 /* TomTomSDKSearchCommon */; };
		2FA9D7062C77E58D005845E9 /* TomTomSDKSearchOnline in Frameworks */ = {isa = PBXBuildFile; productRef = 2FA9D7052C77E58D005845E9 /* TomTomSDKSearchOnline */; };
		2FA9D7082C77E58D005845E9 /* TomTomSDKSearchUI in Frameworks */ = {isa = PBXBuildFile; productRef = 2FA9D7072C77E58D005845E9 /* TomTomSDKSearchUI */; };
		2FA9D70A2C77E58D005845E9 /* TomTomSDKSearchVisualization in Frameworks */ = {isa = PBXBuildFile; productRef = 2FA9D7092C77E58D005845E9 /* TomTomSDKSearchVisualization */; };
		2FA9D70C2C77E58D005845E9 /* TomTomSDKTelemetry in Frameworks */ = {isa = PBXBuildFile; productRef = 2FA9D70B2C77E58D005845E9 /* TomTomSDKTelemetry */; };
		2FA9D70E2C77E58D005845E9 /* TomTomSDKTraffic in Frameworks */ = {isa = PBXBuildFile; productRef = 2FA9D70D2C77E58D005845E9 /* TomTomSDKTraffic */; };
		2FA9D7102C77E58D005845E9 /* TomTomSDKTrafficDataProvider in Frameworks */ = {isa = PBXBuildFile; productRef = 2FA9D70F2C77E58D005845E9 /* TomTomSDKTrafficDataProvider */; };
		2FA9D7122C77E58D005845E9 /* TomTomSDKVehicle in Frameworks */ = {isa = PBXBuildFile; productRef = 2FA9D7112C77E58D005845E9 /* TomTomSDKVehicle */; };
		2FDECA132C668D1C00748052 /* MapViewController.swift in Sources */ = {isa = PBXBuildFile; fileRef = 2FDECA122C668D1C00748052 /* MapViewController.swift */; };
/* End PBXBuildFile section */

/* Begin PBXContainerItemProxy section */
		2F2E4C892C31BD1E000E14EE /* PBXContainerItemProxy */ = {
			isa = PBXContainerItemProxy;
			containerPortal = 2F2E4C6A2C31BD1D000E14EE /* Project object */;
			proxyType = 1;
			remoteGlobalIDString = 2F2E4C712C31BD1D000E14EE;
			remoteInfo = SinalizaMaceio;
		};
		2F2E4C932C31BD1E000E14EE /* PBXContainerItemProxy */ = {
			isa = PBXContainerItemProxy;
			containerPortal = 2F2E4C6A2C31BD1D000E14EE /* Project object */;
			proxyType = 1;
			remoteGlobalIDString = 2F2E4C712C31BD1D000E14EE;
			remoteInfo = SinalizaMaceio;
		};
/* End PBXContainerItemProxy section */

/* Begin PBXFileReference section */
		2F2E4C722C31BD1D000E14EE /* SinalizaMaceio.app */ = {isa = PBXFileReference; explicitFileType = wrapper.application; includeInIndex = 0; path = SinalizaMaceio.app; sourceTree = BUILT_PRODUCTS_DIR; };
		2F2E4C752C31BD1D000E14EE /* AppDelegate.swift */ = {isa = PBXFileReference; lastKnownFileType = sourcecode.swift; path = AppDelegate.swift; sourceTree = "<group>"; };
		2F2E4C772C31BD1D000E14EE /* SceneDelegate.swift */ = {isa = PBXFileReference; lastKnownFileType = sourcecode.swift; path = SceneDelegate.swift; sourceTree = "<group>"; };
		2F2E4C7E2C31BD1E000E14EE /* Assets.xcassets */ = {isa = PBXFileReference; lastKnownFileType = folder.assetcatalog; path = Assets.xcassets; sourceTree = "<group>"; };
		2F2E4C832C31BD1E000E14EE /* Info.plist */ = {isa = PBXFileReference; lastKnownFileType = text.plist.xml; path = Info.plist; sourceTree = "<group>"; };
		2F2E4C882C31BD1E000E14EE /* SinalizaMaceioTests.xctest */ = {isa = PBXFileReference; explicitFileType = wrapper.cfbundle; includeInIndex = 0; path = SinalizaMaceioTests.xctest; sourceTree = BUILT_PRODUCTS_DIR; };
		2F2E4C8C2C31BD1E000E14EE /* SinalizaMaceioTests.swift */ = {isa = PBXFileReference; lastKnownFileType = sourcecode.swift; path = SinalizaMaceioTests.swift; sourceTree = "<group>"; };
		2F2E4C922C31BD1E000E14EE /* SinalizaMaceioUITests.xctest */ = {isa = PBXFileReference; explicitFileType = wrapper.cfbundle; includeInIndex = 0; path = SinalizaMaceioUITests.xctest; sourceTree = BUILT_PRODUCTS_DIR; };
		2F2E4C962C31BD1E000E14EE /* SinalizaMaceioUITests.swift */ = {isa = PBXFileReference; lastKnownFileType = sourcecode.swift; path = SinalizaMaceioUITests.swift; sourceTree = "<group>"; };
		2F2E4C982C31BD1E000E14EE /* SinalizaMaceioUITestsLaunchTests.swift */ = {isa = PBXFileReference; lastKnownFileType = sourcecode.swift; path = SinalizaMaceioUITestsLaunchTests.swift; sourceTree = "<group>"; };
		2F2E4CA62C31BE0C000E14EE /* FirstViewController.swift */ = {isa = PBXFileReference; lastKnownFileType = sourcecode.swift; path = FirstViewController.swift; sourceTree = "<group>"; };
		2F2E4CA82C31C2F6000E14EE /* LaunchScreenView.swift */ = {isa = PBXFileReference; lastKnownFileType = sourcecode.swift; path = LaunchScreenView.swift; sourceTree = "<group>"; };
		2FDECA122C668D1C00748052 /* MapViewController.swift */ = {isa = PBXFileReference; lastKnownFileType = sourcecode.swift; path = MapViewController.swift; sourceTree = "<group>"; };
/* End PBXFileReference section */

/* Begin PBXFrameworksBuildPhase section */
		2F2E4C6F2C31BD1D000E14EE /* Frameworks */ = {
			isa = PBXFrameworksBuildPhase;
			buildActionMask = 2147483647;
			files = (
				2FA9D6FA2C77E58D005845E9 /* TomTomSDKRoutePlanner in Frameworks */,
				2FA9D6C72C77E215005845E9 /* TomTomSDKSafetyLocationsDataAdapterOnline in Frameworks */,
				2FA9D6832C77E215005845E9 /* TomTomSDKBindingOpenLRInternal in Frameworks */,
				2FA9D69F2C77E215005845E9 /* TomTomSDKHorizonEngineUnified in Frameworks */,
				2FA9D6F82C77E58D005845E9 /* TomTomSDKRoute in Frameworks */,
				2FA9D6B12C77E215005845E9 /* TomTomSDKNavigationOnline in Frameworks */,
				2FA9D6F42C77E58D005845E9 /* TomTomSDKReverseGeocoder in Frameworks */,
				2FA9D6B72C77E215005845E9 /* TomTomSDKNavigationVisualization in Frameworks */,
				2FA9D6E42C77E58D005845E9 /* TomTomSDKMQTT in Frameworks */,
				2FA9D6EC2C77E58D005845E9 /* TomTomSDKPersonalData in Frameworks */,
				2FA9D7062C77E58D005845E9 /* TomTomSDKSearchOnline in Frameworks */,
				2FA9D67B2C77E215005845E9 /* TomTomSDKBindingNDSLiveTileStoreAccessInternal in Frameworks */,
				2FA9D6FC2C77E58D005845E9 /* TomTomSDKRoutePlannerOnline in Frameworks */,
				2FA9D6F62C77E58D005845E9 /* TomTomSDKReverseGeocoderOnline in Frameworks */,
				2FA9D6792C77E215005845E9 /* TomTomSDKBindingMapMatchingInternal in Frameworks */,
				2FA9D7002C77E58D005845E9 /* TomTomSDKRoutingVisualization in Frameworks */,
				2FA9D6B52C77E215005845E9 /* TomTomSDKNavigationUI in Frameworks */,
				2FA9D6D42C77E58D005845E9 /* TomTomSDKBindingMapDisplayEngineInternal in Frameworks */,
				2FA9D7082C77E58D005845E9 /* TomTomSDKSearchUI in Frameworks */,
				2FA9D6952C77E215005845E9 /* TomTomSDKDefaultTextToSpeech in Frameworks */,
				2FA9D6D62C77E58D005845E9 /* TomTomSDKBindingTrafficTileGeneratorInternal in Frameworks */,
				2FA9D6D02C77E58D005845E9 /* TomTomSDKBindingFrameworkHTTPInternal in Frameworks */,
				2FA9D7122C77E58D005845E9 /* TomTomSDKVehicle in Frameworks */,
				2FA9D6C52C77E215005845E9 /* TomTomSDKSafetyCameras in Frameworks */,
				2FA9D70C2C77E58D005845E9 /* TomTomSDKTelemetry in Frameworks */,
				2FA9D6A72C77E215005845E9 /* TomTomSDKMapMatchingEngineUnified in Frameworks */,
				2FA9D6A32C77E215005845E9 /* TomTomSDKMapMatchingEngineCommon in Frameworks */,
				2FA9D6992C77E215005845E9 /* TomTomSDKHazardsDataAdapterOnline in Frameworks */,
				2FA9D6A52C77E215005845E9 /* TomTomSDKMapMatchingEngineTileStore in Frameworks */,
				2FA9D6912C77E215005845E9 /* TomTomSDKDataStoreMaintenanceEngine in Frameworks */,
				2FA9D6EA2C77E58D005845E9 /* TomTomSDKPOIVisualization in Frameworks */,
				2FA9D6E02C77E58D005845E9 /* TomTomSDKFeatureToggle in Frameworks */,
				2FA9D6E22C77E58D005845E9 /* TomTomSDKLocationProvider in Frameworks */,
				2FA9D6AB2C77E215005845E9 /* TomTomSDKNavigationEngines in Frameworks */,
				2FA9D6BB2C77E215005845E9 /* TomTomSDKRouteProjectionEngineTileStore in Frameworks */,
				2FA9D67F2C77E215005845E9 /* TomTomSDKBindingNavigationTileStoreAccessInternal in Frameworks */,
				2FA9D6B92C77E215005845E9 /* TomTomSDKRouteProjectionEngineCommon in Frameworks */,
				2FA9D6BD2C77E215005845E9 /* TomTomSDKRouteProjectionEngineUnified in Frameworks */,
				2FA9D6772C77E215005845E9 /* TomTomSDKBindingFrameworkSecurityInternal in Frameworks */,
				2FA9D6C12C77E215005845E9 /* TomTomSDKRouteReplannerDefault in Frameworks */,
				2FA9D68D2C77E215005845E9 /* TomTomSDKBindingVehicleHorizonUnifiedMapInternal in Frameworks */,
				2FA9D6DA2C77E58D005845E9 /* TomTomSDKCommonUI in Frameworks */,
				2FA9D6F22C77E58D005845E9 /* TomTomSDKRangeVisualization in Frameworks */,
				2FA9D7022C77E58D005845E9 /* TomTomSDKSearch in Frameworks */,
				2FA9D70A2C77E58D005845E9 /* TomTomSDKSearchVisualization in Frameworks */,
				2FA9D6F02C77E58D005845E9 /* TomTomSDKRangeCalculator in Frameworks */,
				2FA9D6852C77E215005845E9 /* TomTomSDKBindingRouteProjectionInternal in Frameworks */,
				2FA9D6DC2C77E58D005845E9 /* TomTomSDKDynamicData in Frameworks */,
				2FA9D6CD2C77E215005845E9 /* TomTomSDKUnifiedLocationDecoder in Frameworks */,
				2FA9D7042C77E58D005845E9 /* TomTomSDKSearchCommon in Frameworks */,
				2FA9D70E2C77E58D005845E9 /* TomTomSDKTraffic in Frameworks */,
				2FA9D68F2C77E215005845E9 /* TomTomSDKDataManagement in Frameworks */,
				2FA9D69D2C77E215005845E9 /* TomTomSDKHorizonEngineTileStore in Frameworks */,
				2FA9D6D82C77E58D005845E9 /* TomTomSDKCommon in Frameworks */,
				2FA9D67D2C77E215005845E9 /* TomTomSDKBindingNavigationTextGenerationInternal in Frameworks */,
				2FA9D6D22C77E58D005845E9 /* TomTomSDKBindingFrameworkLoggingInternal in Frameworks */,
				2FA9D6812C77E215005845E9 /* TomTomSDKBindingNavigationTilingInternal in Frameworks */,
				2FA9D6EE2C77E58D005845E9 /* TomTomSDKPersonalDataDefault in Frameworks */,
				2FA9D7102C77E58D005845E9 /* TomTomSDKTrafficDataProvider in Frameworks */,
				2FA9D6DE2C77E58D005845E9 /* TomTomSDKDynamicDataOnline in Frameworks */,
				2FA9D6872C77E215005845E9 /* TomTomSDKBindingUnifiedOpenLRInternal in Frameworks */,
				2FA9D6C32C77E215005845E9 /* TomTomSDKRouteReplannerInternal in Frameworks */,
				2FA9D6892C77E215005845E9 /* TomTomSDKBindingVehicleHorizonInternal in Frameworks */,
				2FA9D6932C77E215005845E9 /* TomTomSDKDataStoreUpdater in Frameworks */,
				2FA9D6A92C77E215005845E9 /* TomTomSDKNavigation in Frameworks */,
				2FA9D6972C77E215005845E9 /* TomTomSDKHazards in Frameworks */,
				2FA9D69B2C77E215005845E9 /* TomTomSDKHorizonEngineCommon in Frameworks */,
				2FA9D6FE2C77E58D005845E9 /* TomTomSDKRoutingCommon in Frameworks */,
				2FA9D6BF2C77E215005845E9 /* TomTomSDKRouteReplanner in Frameworks */,
				2FA9D6B32C77E215005845E9 /* TomTomSDKNavigationTileStore in Frameworks */,
				2FA9D6E62C77E58D005845E9 /* TomTomSDKMapDisplay in Frameworks */,
				2FA9D6C92C77E215005845E9 /* TomTomSDKTextToSpeech in Frameworks */,
				2FA9D6A12C77E215005845E9 /* TomTomSDKLocationTracesRecorder in Frameworks */,
				2FA9D6E82C77E58D005845E9 /* TomTomSDKNetworking in Frameworks */,
				2FA9D6CB2C77E215005845E9 /* TomTomSDKTextToSpeechEngine in Frameworks */,
				2FA9D68B2C77E215005845E9 /* TomTomSDKBindingVehicleHorizonTileStoreMapInternal in Frameworks */,
				2FA9D6AD2C77E215005845E9 /* TomTomSDKNavigationHorizonDataAdapter in Frameworks */,
				2FA9D6AF2C77E215005845E9 /* TomTomSDKNavigationOffRoad in Frameworks */,
			);
			runOnlyForDeploymentPostprocessing = 0;
		};
		2F2E4C852C31BD1E000E14EE /* Frameworks */ = {
			isa = PBXFrameworksBuildPhase;
			buildActionMask = 2147483647;
			files = (
			);
			runOnlyForDeploymentPostprocessing = 0;
		};
		2F2E4C8F2C31BD1E000E14EE /* Frameworks */ = {
			isa = PBXFrameworksBuildPhase;
			buildActionMask = 2147483647;
			files = (
			);
			runOnlyForDeploymentPostprocessing = 0;
		};
/* End PBXFrameworksBuildPhase section */

/* Begin PBXGroup section */
		2F2E4C692C31BD1D000E14EE = {
			isa = PBXGroup;
			children = (
				2F2E4C742C31BD1D000E14EE /* SinalizaMaceio */,
				2F2E4C8B2C31BD1E000E14EE /* SinalizaMaceioTests */,
				2F2E4C952C31BD1E000E14EE /* SinalizaMaceioUITests */,
				2F2E4C732C31BD1D000E14EE /* Products */,
			);
			sourceTree = "<group>";
		};
		2F2E4C732C31BD1D000E14EE /* Products */ = {
			isa = PBXGroup;
			children = (
				2F2E4C722C31BD1D000E14EE /* SinalizaMaceio.app */,
				2F2E4C882C31BD1E000E14EE /* SinalizaMaceioTests.xctest */,
				2F2E4C922C31BD1E000E14EE /* SinalizaMaceioUITests.xctest */,
			);
			name = Products;
			sourceTree = "<group>";
		};
		2F2E4C742C31BD1D000E14EE /* SinalizaMaceio */ = {
			isa = PBXGroup;
			children = (
				2F2E4CA52C31BDE6000E14EE /* View */,
				2F2E4C752C31BD1D000E14EE /* AppDelegate.swift */,
				2F2E4C772C31BD1D000E14EE /* SceneDelegate.swift */,
				2F2E4C7E2C31BD1E000E14EE /* Assets.xcassets */,
				2F2E4C832C31BD1E000E14EE /* Info.plist */,
			);
			path = SinalizaMaceio;
			sourceTree = "<group>";
		};
		2F2E4C8B2C31BD1E000E14EE /* SinalizaMaceioTests */ = {
			isa = PBXGroup;
			children = (
				2F2E4C8C2C31BD1E000E14EE /* SinalizaMaceioTests.swift */,
			);
			path = SinalizaMaceioTests;
			sourceTree = "<group>";
		};
		2F2E4C952C31BD1E000E14EE /* SinalizaMaceioUITests */ = {
			isa = PBXGroup;
			children = (
				2F2E4C962C31BD1E000E14EE /* SinalizaMaceioUITests.swift */,
				2F2E4C982C31BD1E000E14EE /* SinalizaMaceioUITestsLaunchTests.swift */,
			);
			path = SinalizaMaceioUITests;
			sourceTree = "<group>";
		};
		2F2E4CA52C31BDE6000E14EE /* View */ = {
			isa = PBXGroup;
			children = (
				2F2E4CA62C31BE0C000E14EE /* FirstViewController.swift */,
				2F2E4CA82C31C2F6000E14EE /* LaunchScreenView.swift */,
				2FDECA122C668D1C00748052 /* MapViewController.swift */,
			);
			path = View;
			sourceTree = "<group>";
		};
/* End PBXGroup section */

/* Begin PBXNativeTarget section */
		2F2E4C712C31BD1D000E14EE /* SinalizaMaceio */ = {
			isa = PBXNativeTarget;
			buildConfigurationList = 2F2E4C9C2C31BD1E000E14EE /* Build configuration list for PBXNativeTarget "SinalizaMaceio" */;
			buildPhases = (
				2F2E4C6E2C31BD1D000E14EE /* Sources */,
				2F2E4C6F2C31BD1D000E14EE /* Frameworks */,
				2F2E4C702C31BD1D000E14EE /* Resources */,
			);
			buildRules = (
			);
			dependencies = (
			);
			name = SinalizaMaceio;
			packageProductDependencies = (
				2FA9D6762C77E215005845E9 /* TomTomSDKBindingFrameworkSecurityInternal */,
				2FA9D6782C77E215005845E9 /* TomTomSDKBindingMapMatchingInternal */,
				2FA9D67A2C77E215005845E9 /* TomTomSDKBindingNDSLiveTileStoreAccessInternal */,
				2FA9D67C2C77E215005845E9 /* TomTomSDKBindingNavigationTextGenerationInternal */,
				2FA9D67E2C77E215005845E9 /* TomTomSDKBindingNavigationTileStoreAccessInternal */,
				2FA9D6802C77E215005845E9 /* TomTomSDKBindingNavigationTilingInternal */,
				2FA9D6822C77E215005845E9 /* TomTomSDKBindingOpenLRInternal */,
				2FA9D6842C77E215005845E9 /* TomTomSDKBindingRouteProjectionInternal */,
				2FA9D6862C77E215005845E9 /* TomTomSDKBindingUnifiedOpenLRInternal */,
				2FA9D6882C77E215005845E9 /* TomTomSDKBindingVehicleHorizonInternal */,
				2FA9D68A2C77E215005845E9 /* TomTomSDKBindingVehicleHorizonTileStoreMapInternal */,
				2FA9D68C2C77E215005845E9 /* TomTomSDKBindingVehicleHorizonUnifiedMapInternal */,
				2FA9D68E2C77E215005845E9 /* TomTomSDKDataManagement */,
				2FA9D6902C77E215005845E9 /* TomTomSDKDataStoreMaintenanceEngine */,
				2FA9D6922C77E215005845E9 /* TomTomSDKDataStoreUpdater */,
				2FA9D6942C77E215005845E9 /* TomTomSDKDefaultTextToSpeech */,
				2FA9D6962C77E215005845E9 /* TomTomSDKHazards */,
				2FA9D6982C77E215005845E9 /* TomTomSDKHazardsDataAdapterOnline */,
				2FA9D69A2C77E215005845E9 /* TomTomSDKHorizonEngineCommon */,
				2FA9D69C2C77E215005845E9 /* TomTomSDKHorizonEngineTileStore */,
				2FA9D69E2C77E215005845E9 /* TomTomSDKHorizonEngineUnified */,
				2FA9D6A02C77E215005845E9 /* TomTomSDKLocationTracesRecorder */,
				2FA9D6A22C77E215005845E9 /* TomTomSDKMapMatchingEngineCommon */,
				2FA9D6A42C77E215005845E9 /* TomTomSDKMapMatchingEngineTileStore */,
				2FA9D6A62C77E215005845E9 /* TomTomSDKMapMatchingEngineUnified */,
				2FA9D6A82C77E215005845E9 /* TomTomSDKNavigation */,
				2FA9D6AA2C77E215005845E9 /* TomTomSDKNavigationEngines */,
				2FA9D6AC2C77E215005845E9 /* TomTomSDKNavigationHorizonDataAdapter */,
				2FA9D6AE2C77E215005845E9 /* TomTomSDKNavigationOffRoad */,
				2FA9D6B02C77E215005845E9 /* TomTomSDKNavigationOnline */,
				2FA9D6B22C77E215005845E9 /* TomTomSDKNavigationTileStore */,
				2FA9D6B42C77E215005845E9 /* TomTomSDKNavigationUI */,
				2FA9D6B62C77E215005845E9 /* TomTomSDKNavigationVisualization */,
				2FA9D6B82C77E215005845E9 /* TomTomSDKRouteProjectionEngineCommon */,
				2FA9D6BA2C77E215005845E9 /* TomTomSDKRouteProjectionEngineTileStore */,
				2FA9D6BC2C77E215005845E9 /* TomTomSDKRouteProjectionEngineUnified */,
				2FA9D6BE2C77E215005845E9 /* TomTomSDKRouteReplanner */,
				2FA9D6C02C77E215005845E9 /* TomTomSDKRouteReplannerDefault */,
				2FA9D6C22C77E215005845E9 /* TomTomSDKRouteReplannerInternal */,
				2FA9D6C42C77E215005845E9 /* TomTomSDKSafetyCameras */,
				2FA9D6C62C77E215005845E9 /* TomTomSDKSafetyLocationsDataAdapterOnline */,
				2FA9D6C82C77E215005845E9 /* TomTomSDKTextToSpeech */,
				2FA9D6CA2C77E215005845E9 /* TomTomSDKTextToSpeechEngine */,
				2FA9D6CC2C77E215005845E9 /* TomTomSDKUnifiedLocationDecoder */,
				2FA9D6CF2C77E58D005845E9 /* TomTomSDKBindingFrameworkHTTPInternal */,
				2FA9D6D12C77E58D005845E9 /* TomTomSDKBindingFrameworkLoggingInternal */,
				2FA9D6D32C77E58D005845E9 /* TomTomSDKBindingMapDisplayEngineInternal */,
				2FA9D6D52C77E58D005845E9 /* TomTomSDKBindingTrafficTileGeneratorInternal */,
				2FA9D6D72C77E58D005845E9 /* TomTomSDKCommon */,
				2FA9D6D92C77E58D005845E9 /* TomTomSDKCommonUI */,
				2FA9D6DB2C77E58D005845E9 /* TomTomSDKDynamicData */,
				2FA9D6DD2C77E58D005845E9 /* TomTomSDKDynamicDataOnline */,
				2FA9D6DF2C77E58D005845E9 /* TomTomSDKFeatureToggle */,
				2FA9D6E12C77E58D005845E9 /* TomTomSDKLocationProvider */,
				2FA9D6E32C77E58D005845E9 /* TomTomSDKMQTT */,
				2FA9D6E52C77E58D005845E9 /* TomTomSDKMapDisplay */,
				2FA9D6E72C77E58D005845E9 /* TomTomSDKNetworking */,
				2FA9D6E92C77E58D005845E9 /* TomTomSDKPOIVisualization */,
				2FA9D6EB2C77E58D005845E9 /* TomTomSDKPersonalData */,
				2FA9D6ED2C77E58D005845E9 /* TomTomSDKPersonalDataDefault */,
				2FA9D6EF2C77E58D005845E9 /* TomTomSDKRangeCalculator */,
				2FA9D6F12C77E58D005845E9 /* TomTomSDKRangeVisualization */,
				2FA9D6F32C77E58D005845E9 /* TomTomSDKReverseGeocoder */,
				2FA9D6F52C77E58D005845E9 /* TomTomSDKReverseGeocoderOnline */,
				2FA9D6F72C77E58D005845E9 /* TomTomSDKRoute */,
				2FA9D6F92C77E58D005845E9 /* TomTomSDKRoutePlanner */,
				2FA9D6FB2C77E58D005845E9 /* TomTomSDKRoutePlannerOnline */,
				2FA9D6FD2C77E58D005845E9 /* TomTomSDKRoutingCommon */,
				2FA9D6FF2C77E58D005845E9 /* TomTomSDKRoutingVisualization */,
				2FA9D7012C77E58D005845E9 /* TomTomSDKSearch */,
				2FA9D7032C77E58D005845E9 /* TomTomSDKSearchCommon */,
				2FA9D7052C77E58D005845E9 /* TomTomSDKSearchOnline */,
				2FA9D7072C77E58D005845E9 /* TomTomSDKSearchUI */,
				2FA9D7092C77E58D005845E9 /* TomTomSDKSearchVisualization */,
				2FA9D70B2C77E58D005845E9 /* TomTomSDKTelemetry */,
				2FA9D70D2C77E58D005845E9 /* TomTomSDKTraffic */,
				2FA9D70F2C77E58D005845E9 /* TomTomSDKTrafficDataProvider */,
				2FA9D7112C77E58D005845E9 /* TomTomSDKVehicle */,
			);
			productName = SinalizaMaceio;
			productReference = 2F2E4C722C31BD1D000E14EE /* SinalizaMaceio.app */;
			productType = "com.apple.product-type.application";
		};
		2F2E4C872C31BD1E000E14EE /* SinalizaMaceioTests */ = {
			isa = PBXNativeTarget;
			buildConfigurationList = 2F2E4C9F2C31BD1E000E14EE /* Build configuration list for PBXNativeTarget "SinalizaMaceioTests" */;
			buildPhases = (
				2F2E4C842C31BD1E000E14EE /* Sources */,
				2F2E4C852C31BD1E000E14EE /* Frameworks */,
				2F2E4C862C31BD1E000E14EE /* Resources */,
			);
			buildRules = (
			);
			dependencies = (
				2F2E4C8A2C31BD1E000E14EE /* PBXTargetDependency */,
			);
			name = SinalizaMaceioTests;
			productName = SinalizaMaceioTests;
			productReference = 2F2E4C882C31BD1E000E14EE /* SinalizaMaceioTests.xctest */;
			productType = "com.apple.product-type.bundle.unit-test";
		};
		2F2E4C912C31BD1E000E14EE /* SinalizaMaceioUITests */ = {
			isa = PBXNativeTarget;
			buildConfigurationList = 2F2E4CA22C31BD1E000E14EE /* Build configuration list for PBXNativeTarget "SinalizaMaceioUITests" */;
			buildPhases = (
				2F2E4C8E2C31BD1E000E14EE /* Sources */,
				2F2E4C8F2C31BD1E000E14EE /* Frameworks */,
				2F2E4C902C31BD1E000E14EE /* Resources */,
			);
			buildRules = (
			);
			dependencies = (
				2F2E4C942C31BD1E000E14EE /* PBXTargetDependency */,
			);
			name = SinalizaMaceioUITests;
			productName = SinalizaMaceioUITests;
			productReference = 2F2E4C922C31BD1E000E14EE /* SinalizaMaceioUITests.xctest */;
			productType = "com.apple.product-type.bundle.ui-testing";
		};
/* End PBXNativeTarget section */

/* Begin PBXProject section */
		2F2E4C6A2C31BD1D000E14EE /* Project object */ = {
			isa = PBXProject;
			attributes = {
				BuildIndependentTargetsInParallel = 1;
				LastSwiftUpdateCheck = 1540;
				LastUpgradeCheck = 1540;
				TargetAttributes = {
					2F2E4C712C31BD1D000E14EE = {
						CreatedOnToolsVersion = 15.4;
					};
					2F2E4C872C31BD1E000E14EE = {
						CreatedOnToolsVersion = 15.4;
						TestTargetID = 2F2E4C712C31BD1D000E14EE;
					};
					2F2E4C912C31BD1E000E14EE = {
						CreatedOnToolsVersion = 15.4;
						TestTargetID = 2F2E4C712C31BD1D000E14EE;
					};
				};
			};
			buildConfigurationList = 2F2E4C6D2C31BD1D000E14EE /* Build configuration list for PBXProject "SinalizaMaceio" */;
			compatibilityVersion = "Xcode 14.0";
			developmentRegion = en;
			hasScannedForEncodings = 0;
			knownRegions = (
				en,
				Base,
			);
			mainGroup = 2F2E4C692C31BD1D000E14EE;
			packageReferences = (
				2FA9D6752C77E215005845E9 /* XCRemoteSwiftPackageReference "tomtom-sdk-spm-navigation" */,
				2FA9D6CE2C77E58C005845E9 /* XCRemoteSwiftPackageReference "tomtom-sdk-spm-core" */,
			);
			productRefGroup = 2F2E4C732C31BD1D000E14EE /* Products */;
			projectDirPath = "";
			projectRoot = "";
			targets = (
				2F2E4C712C31BD1D000E14EE /* SinalizaMaceio */,
				2F2E4C872C31BD1E000E14EE /* SinalizaMaceioTests */,
				2F2E4C912C31BD1E000E14EE /* SinalizaMaceioUITests */,
			);
		};
/* End PBXProject section */

/* Begin PBXResourcesBuildPhase section */
		2F2E4C702C31BD1D000E14EE /* Resources */ = {
			isa = PBXResourcesBuildPhase;
			buildActionMask = 2147483647;
			files = (
				2F2E4C7F2C31BD1E000E14EE /* Assets.xcassets in Resources */,
			);
			runOnlyForDeploymentPostprocessing = 0;
		};
		2F2E4C862C31BD1E000E14EE /* Resources */ = {
			isa = PBXResourcesBuildPhase;
			buildActionMask = 2147483647;
			files = (
			);
			runOnlyForDeploymentPostprocessing = 0;
		};
		2F2E4C902C31BD1E000E14EE /* Resources */ = {
			isa = PBXResourcesBuildPhase;
			buildActionMask = 2147483647;
			files = (
			);
			runOnlyForDeploymentPostprocessing = 0;
		};
/* End PBXResourcesBuildPhase section */

/* Begin PBXSourcesBuildPhase section */
		2F2E4C6E2C31BD1D000E14EE /* Sources */ = {
			isa = PBXSourcesBuildPhase;
			buildActionMask = 2147483647;
			files = (
				2F2E4CA72C31BE0C000E14EE /* FirstViewController.swift in Sources */,
				2F2E4C762C31BD1D000E14EE /* AppDelegate.swift in Sources */,
				2F2E4C782C31BD1D000E14EE /* SceneDelegate.swift in Sources */,
				2FDECA132C668D1C00748052 /* MapViewController.swift in Sources */,
				2F2E4CA92C31C2F6000E14EE /* LaunchScreenView.swift in Sources */,
			);
			runOnlyForDeploymentPostprocessing = 0;
		};
		2F2E4C842C31BD1E000E14EE /* Sources */ = {
			isa = PBXSourcesBuildPhase;
			buildActionMask = 2147483647;
			files = (
				2F2E4C8D2C31BD1E000E14EE /* SinalizaMaceioTests.swift in Sources */,
			);
			runOnlyForDeploymentPostprocessing = 0;
		};
		2F2E4C8E2C31BD1E000E14EE /* Sources */ = {
			isa = PBXSourcesBuildPhase;
			buildActionMask = 2147483647;
			files = (
				2F2E4C972C31BD1E000E14EE /* SinalizaMaceioUITests.swift in Sources */,
				2F2E4C992C31BD1E000E14EE /* SinalizaMaceioUITestsLaunchTests.swift in Sources */,
			);
			runOnlyForDeploymentPostprocessing = 0;
		};
/* End PBXSourcesBuildPhase section */

/* Begin PBXTargetDependency section */
		2F2E4C8A2C31BD1E000E14EE /* PBXTargetDependency */ = {
			isa = PBXTargetDependency;
			target = 2F2E4C712C31BD1D000E14EE /* SinalizaMaceio */;
			targetProxy = 2F2E4C892C31BD1E000E14EE /* PBXContainerItemProxy */;
		};
		2F2E4C942C31BD1E000E14EE /* PBXTargetDependency */ = {
			isa = PBXTargetDependency;
			target = 2F2E4C712C31BD1D000E14EE /* SinalizaMaceio */;
			targetProxy = 2F2E4C932C31BD1E000E14EE /* PBXContainerItemProxy */;
		};
/* End PBXTargetDependency section */

/* Begin XCBuildConfiguration section */
		2F2E4C9A2C31BD1E000E14EE /* Debug */ = {
			isa = XCBuildConfiguration;
			buildSettings = {
				ALWAYS_SEARCH_USER_PATHS = NO;
				ASSETCATALOG_COMPILER_GENERATE_SWIFT_ASSET_SYMBOL_EXTENSIONS = YES;
				CLANG_ANALYZER_NONNULL = YES;
				CLANG_ANALYZER_NUMBER_OBJECT_CONVERSION = YES_AGGRESSIVE;
				CLANG_CXX_LANGUAGE_STANDARD = "gnu++20";
				CLANG_ENABLE_MODULES = YES;
				CLANG_ENABLE_OBJC_ARC = YES;
				CLANG_ENABLE_OBJC_WEAK = YES;
				CLANG_WARN_BLOCK_CAPTURE_AUTORELEASING = YES;
				CLANG_WARN_BOOL_CONVERSION = YES;
				CLANG_WARN_COMMA = YES;
				CLANG_WARN_CONSTANT_CONVERSION = YES;
				CLANG_WARN_DEPRECATED_OBJC_IMPLEMENTATIONS = YES;
				CLANG_WARN_DIRECT_OBJC_ISA_USAGE = YES_ERROR;
				CLANG_WARN_DOCUMENTATION_COMMENTS = YES;
				CLANG_WARN_EMPTY_BODY = YES;
				CLANG_WARN_ENUM_CONVERSION = YES;
				CLANG_WARN_INFINITE_RECURSION = YES;
				CLANG_WARN_INT_CONVERSION = YES;
				CLANG_WARN_NON_LITERAL_NULL_CONVERSION = YES;
				CLANG_WARN_OBJC_IMPLICIT_RETAIN_SELF = YES;
				CLANG_WARN_OBJC_LITERAL_CONVERSION = YES;
				CLANG_WARN_OBJC_ROOT_CLASS = YES_ERROR;
				CLANG_WARN_QUOTED_INCLUDE_IN_FRAMEWORK_HEADER = YES;
				CLANG_WARN_RANGE_LOOP_ANALYSIS = YES;
				CLANG_WARN_STRICT_PROTOTYPES = YES;
				CLANG_WARN_SUSPICIOUS_MOVE = YES;
				CLANG_WARN_UNGUARDED_AVAILABILITY = YES_AGGRESSIVE;
				CLANG_WARN_UNREACHABLE_CODE = YES;
				CLANG_WARN__DUPLICATE_METHOD_MATCH = YES;
				COPY_PHASE_STRIP = NO;
				DEBUG_INFORMATION_FORMAT = dwarf;
				ENABLE_STRICT_OBJC_MSGSEND = YES;
				ENABLE_TESTABILITY = YES;
				ENABLE_USER_SCRIPT_SANDBOXING = YES;
				GCC_C_LANGUAGE_STANDARD = gnu17;
				GCC_DYNAMIC_NO_PIC = NO;
				GCC_NO_COMMON_BLOCKS = YES;
				GCC_OPTIMIZATION_LEVEL = 0;
				GCC_PREPROCESSOR_DEFINITIONS = (
					"DEBUG=1",
					"$(inherited)",
				);
				GCC_WARN_64_TO_32_BIT_CONVERSION = YES;
				GCC_WARN_ABOUT_RETURN_TYPE = YES_ERROR;
				GCC_WARN_UNDECLARED_SELECTOR = YES;
				GCC_WARN_UNINITIALIZED_AUTOS = YES_AGGRESSIVE;
				GCC_WARN_UNUSED_FUNCTION = YES;
				GCC_WARN_UNUSED_VARIABLE = YES;
				IPHONEOS_DEPLOYMENT_TARGET = 17.5;
				LOCALIZATION_PREFERS_STRING_CATALOGS = YES;
				MTL_ENABLE_DEBUG_INFO = INCLUDE_SOURCE;
				MTL_FAST_MATH = YES;
				ONLY_ACTIVE_ARCH = YES;
				SDKROOT = iphoneos;
				SWIFT_ACTIVE_COMPILATION_CONDITIONS = "DEBUG $(inherited)";
				SWIFT_OPTIMIZATION_LEVEL = "-Onone";
			};
			name = Debug;
		};
		2F2E4C9B2C31BD1E000E14EE /* Release */ = {
			isa = XCBuildConfiguration;
			buildSettings = {
				ALWAYS_SEARCH_USER_PATHS = NO;
				ASSETCATALOG_COMPILER_GENERATE_SWIFT_ASSET_SYMBOL_EXTENSIONS = YES;
				CLANG_ANALYZER_NONNULL = YES;
				CLANG_ANALYZER_NUMBER_OBJECT_CONVERSION = YES_AGGRESSIVE;
				CLANG_CXX_LANGUAGE_STANDARD = "gnu++20";
				CLANG_ENABLE_MODULES = YES;
				CLANG_ENABLE_OBJC_ARC = YES;
				CLANG_ENABLE_OBJC_WEAK = YES;
				CLANG_WARN_BLOCK_CAPTURE_AUTORELEASING = YES;
				CLANG_WARN_BOOL_CONVERSION = YES;
				CLANG_WARN_COMMA = YES;
				CLANG_WARN_CONSTANT_CONVERSION = YES;
				CLANG_WARN_DEPRECATED_OBJC_IMPLEMENTATIONS = YES;
				CLANG_WARN_DIRECT_OBJC_ISA_USAGE = YES_ERROR;
				CLANG_WARN_DOCUMENTATION_COMMENTS = YES;
				CLANG_WARN_EMPTY_BODY = YES;
				CLANG_WARN_ENUM_CONVERSION = YES;
				CLANG_WARN_INFINITE_RECURSION = YES;
				CLANG_WARN_INT_CONVERSION = YES;
				CLANG_WARN_NON_LITERAL_NULL_CONVERSION = YES;
				CLANG_WARN_OBJC_IMPLICIT_RETAIN_SELF = YES;
				CLANG_WARN_OBJC_LITERAL_CONVERSION = YES;
				CLANG_WARN_OBJC_ROOT_CLASS = YES_ERROR;
				CLANG_WARN_QUOTED_INCLUDE_IN_FRAMEWORK_HEADER = YES;
				CLANG_WARN_RANGE_LOOP_ANALYSIS = YES;
				CLANG_WARN_STRICT_PROTOTYPES = YES;
				CLANG_WARN_SUSPICIOUS_MOVE = YES;
				CLANG_WARN_UNGUARDED_AVAILABILITY = YES_AGGRESSIVE;
				CLANG_WARN_UNREACHABLE_CODE = YES;
				CLANG_WARN__DUPLICATE_METHOD_MATCH = YES;
				COPY_PHASE_STRIP = NO;
				DEBUG_INFORMATION_FORMAT = "dwarf-with-dsym";
				ENABLE_NS_ASSERTIONS = NO;
				ENABLE_STRICT_OBJC_MSGSEND = YES;
				ENABLE_USER_SCRIPT_SANDBOXING = YES;
				GCC_C_LANGUAGE_STANDARD = gnu17;
				GCC_NO_COMMON_BLOCKS = YES;
				GCC_WARN_64_TO_32_BIT_CONVERSION = YES;
				GCC_WARN_ABOUT_RETURN_TYPE = YES_ERROR;
				GCC_WARN_UNDECLARED_SELECTOR = YES;
				GCC_WARN_UNINITIALIZED_AUTOS = YES_AGGRESSIVE;
				GCC_WARN_UNUSED_FUNCTION = YES;
				GCC_WARN_UNUSED_VARIABLE = YES;
				IPHONEOS_DEPLOYMENT_TARGET = 17.5;
				LOCALIZATION_PREFERS_STRING_CATALOGS = YES;
				MTL_ENABLE_DEBUG_INFO = NO;
				MTL_FAST_MATH = YES;
				SDKROOT = iphoneos;
				SWIFT_COMPILATION_MODE = wholemodule;
				VALIDATE_PRODUCT = YES;
			};
			name = Release;
		};
		2F2E4C9D2C31BD1E000E14EE /* Debug */ = {
			isa = XCBuildConfiguration;
			buildSettings = {
				ASSETCATALOG_COMPILER_APPICON_NAME = AppIcon;
				ASSETCATALOG_COMPILER_GLOBAL_ACCENT_COLOR_NAME = AccentColor;
				CODE_SIGN_STYLE = Automatic;
				CURRENT_PROJECT_VERSION = 1;
				DEVELOPMENT_TEAM = XG5AARXYZ4;
				GENERATE_INFOPLIST_FILE = YES;
				INFOPLIST_FILE = SinalizaMaceio/Info.plist;
				INFOPLIST_KEY_UIApplicationSupportsIndirectInputEvents = YES;
				INFOPLIST_KEY_UILaunchStoryboardName = LaunchScreen;
				INFOPLIST_KEY_UIMainStoryboardFile = "";
				INFOPLIST_KEY_UISupportedInterfaceOrientations_iPad = "UIInterfaceOrientationPortrait UIInterfaceOrientationPortraitUpsideDown UIInterfaceOrientationLandscapeLeft UIInterfaceOrientationLandscapeRight";
				INFOPLIST_KEY_UISupportedInterfaceOrientations_iPhone = "UIInterfaceOrientationPortrait UIInterfaceOrientationLandscapeLeft UIInterfaceOrientationLandscapeRight";
				LD_RUNPATH_SEARCH_PATHS = (
					"$(inherited)",
					"@executable_path/Frameworks",
				);
				MARKETING_VERSION = 1.0;
				PRODUCT_BUNDLE_IDENTIFIER = com.mdionisio.SinalizaMaceio;
				PRODUCT_NAME = "$(TARGET_NAME)";
				SWIFT_EMIT_LOC_STRINGS = YES;
				SWIFT_VERSION = 5.0;
				TARGETED_DEVICE_FAMILY = "1,2";
			};
			name = Debug;
		};
		2F2E4C9E2C31BD1E000E14EE /* Release */ = {
			isa = XCBuildConfiguration;
			buildSettings = {
				ASSETCATALOG_COMPILER_APPICON_NAME = AppIcon;
				ASSETCATALOG_COMPILER_GLOBAL_ACCENT_COLOR_NAME = AccentColor;
				CODE_SIGN_STYLE = Automatic;
				CURRENT_PROJECT_VERSION = 1;
				DEVELOPMENT_TEAM = XG5AARXYZ4;
				GENERATE_INFOPLIST_FILE = YES;
				INFOPLIST_FILE = SinalizaMaceio/Info.plist;
				INFOPLIST_KEY_UIApplicationSupportsIndirectInputEvents = YES;
				INFOPLIST_KEY_UILaunchStoryboardName = LaunchScreen;
				INFOPLIST_KEY_UIMainStoryboardFile = "";
				INFOPLIST_KEY_UISupportedInterfaceOrientations_iPad = "UIInterfaceOrientationPortrait UIInterfaceOrientationPortraitUpsideDown UIInterfaceOrientationLandscapeLeft UIInterfaceOrientationLandscapeRight";
				INFOPLIST_KEY_UISupportedInterfaceOrientations_iPhone = "UIInterfaceOrientationPortrait UIInterfaceOrientationLandscapeLeft UIInterfaceOrientationLandscapeRight";
				LD_RUNPATH_SEARCH_PATHS = (
					"$(inherited)",
					"@executable_path/Frameworks",
				);
				MARKETING_VERSION = 1.0;
				PRODUCT_BUNDLE_IDENTIFIER = com.mdionisio.SinalizaMaceio;
				PRODUCT_NAME = "$(TARGET_NAME)";
				SWIFT_EMIT_LOC_STRINGS = YES;
				SWIFT_VERSION = 5.0;
				TARGETED_DEVICE_FAMILY = "1,2";
			};
			name = Release;
		};
		2F2E4CA02C31BD1E000E14EE /* Debug */ = {
			isa = XCBuildConfiguration;
			buildSettings = {
				ALWAYS_EMBED_SWIFT_STANDARD_LIBRARIES = YES;
				BUNDLE_LOADER = "$(TEST_HOST)";
				CODE_SIGN_STYLE = Automatic;
				CURRENT_PROJECT_VERSION = 1;
				DEVELOPMENT_TEAM = XG5AARXYZ4;
				GENERATE_INFOPLIST_FILE = YES;
				IPHONEOS_DEPLOYMENT_TARGET = 17.5;
				MARKETING_VERSION = 1.0;
				PRODUCT_BUNDLE_IDENTIFIER = com.mdionisio.SinalizaMaceioTests;
				PRODUCT_NAME = "$(TARGET_NAME)";
				SWIFT_EMIT_LOC_STRINGS = NO;
				SWIFT_VERSION = 5.0;
				TARGETED_DEVICE_FAMILY = "1,2";
				TEST_HOST = "$(BUILT_PRODUCTS_DIR)/SinalizaMaceio.app/$(BUNDLE_EXECUTABLE_FOLDER_PATH)/SinalizaMaceio";
			};
			name = Debug;
		};
		2F2E4CA12C31BD1E000E14EE /* Release */ = {
			isa = XCBuildConfiguration;
			buildSettings = {
				ALWAYS_EMBED_SWIFT_STANDARD_LIBRARIES = YES;
				BUNDLE_LOADER = "$(TEST_HOST)";
				CODE_SIGN_STYLE = Automatic;
				CURRENT_PROJECT_VERSION = 1;
				DEVELOPMENT_TEAM = XG5AARXYZ4;
				GENERATE_INFOPLIST_FILE = YES;
				IPHONEOS_DEPLOYMENT_TARGET = 17.5;
				MARKETING_VERSION = 1.0;
				PRODUCT_BUNDLE_IDENTIFIER = com.mdionisio.SinalizaMaceioTests;
				PRODUCT_NAME = "$(TARGET_NAME)";
				SWIFT_EMIT_LOC_STRINGS = NO;
				SWIFT_VERSION = 5.0;
				TARGETED_DEVICE_FAMILY = "1,2";
				TEST_HOST = "$(BUILT_PRODUCTS_DIR)/SinalizaMaceio.app/$(BUNDLE_EXECUTABLE_FOLDER_PATH)/SinalizaMaceio";
			};
			name = Release;
		};
		2F2E4CA32C31BD1E000E14EE /* Debug */ = {
			isa = XCBuildConfiguration;
			buildSettings = {
				ALWAYS_EMBED_SWIFT_STANDARD_LIBRARIES = YES;
				CODE_SIGN_STYLE = Automatic;
				CURRENT_PROJECT_VERSION = 1;
				DEVELOPMENT_TEAM = XG5AARXYZ4;
				GENERATE_INFOPLIST_FILE = YES;
				MARKETING_VERSION = 1.0;
				PRODUCT_BUNDLE_IDENTIFIER = com.mdionisio.SinalizaMaceioUITests;
				PRODUCT_NAME = "$(TARGET_NAME)";
				SWIFT_EMIT_LOC_STRINGS = NO;
				SWIFT_VERSION = 5.0;
				TARGETED_DEVICE_FAMILY = "1,2";
				TEST_TARGET_NAME = SinalizaMaceio;
			};
			name = Debug;
		};
		2F2E4CA42C31BD1E000E14EE /* Release */ = {
			isa = XCBuildConfiguration;
			buildSettings = {
				ALWAYS_EMBED_SWIFT_STANDARD_LIBRARIES = YES;
				CODE_SIGN_STYLE = Automatic;
				CURRENT_PROJECT_VERSION = 1;
				DEVELOPMENT_TEAM = XG5AARXYZ4;
				GENERATE_INFOPLIST_FILE = YES;
				MARKETING_VERSION = 1.0;
				PRODUCT_BUNDLE_IDENTIFIER = com.mdionisio.SinalizaMaceioUITests;
				PRODUCT_NAME = "$(TARGET_NAME)";
				SWIFT_EMIT_LOC_STRINGS = NO;
				SWIFT_VERSION = 5.0;
				TARGETED_DEVICE_FAMILY = "1,2";
				TEST_TARGET_NAME = SinalizaMaceio;
			};
			name = Release;
		};
/* End XCBuildConfiguration section */

/* Begin XCConfigurationList section */
		2F2E4C6D2C31BD1D000E14EE /* Build configuration list for PBXProject "SinalizaMaceio" */ = {
			isa = XCConfigurationList;
			buildConfigurations = (
				2F2E4C9A2C31BD1E000E14EE /* Debug */,
				2F2E4C9B2C31BD1E000E14EE /* Release */,
			);
			defaultConfigurationIsVisible = 0;
			defaultConfigurationName = Release;
		};
		2F2E4C9C2C31BD1E000E14EE /* Build configuration list for PBXNativeTarget "SinalizaMaceio" */ = {
			isa = XCConfigurationList;
			buildConfigurations = (
				2F2E4C9D2C31BD1E000E14EE /* Debug */,
				2F2E4C9E2C31BD1E000E14EE /* Release */,
			);
			defaultConfigurationIsVisible = 0;
			defaultConfigurationName = Release;
		};
		2F2E4C9F2C31BD1E000E14EE /* Build configuration list for PBXNativeTarget "SinalizaMaceioTests" */ = {
			isa = XCConfigurationList;
			buildConfigurations = (
				2F2E4CA02C31BD1E000E14EE /* Debug */,
				2F2E4CA12C31BD1E000E14EE /* Release */,
			);
			defaultConfigurationIsVisible = 0;
			defaultConfigurationName = Release;
		};
		2F2E4CA22C31BD1E000E14EE /* Build configuration list for PBXNativeTarget "SinalizaMaceioUITests" */ = {
			isa = XCConfigurationList;
			buildConfigurations = (
				2F2E4CA32C31BD1E000E14EE /* Debug */,
				2F2E4CA42C31BD1E000E14EE /* Release */,
			);
			defaultConfigurationIsVisible = 0;
			defaultConfigurationName = Release;
		};
/* End XCConfigurationList section */

/* Begin XCRemoteSwiftPackageReference section */
		2FA9D6752C77E215005845E9 /* XCRemoteSwiftPackageReference "tomtom-sdk-spm-navigation" */ = {
			isa = XCRemoteSwiftPackageReference;
			repositoryURL = "https://github.com/tomtom-international/tomtom-sdk-spm-navigation.git";
			requirement = {
				kind = exactVersion;
				version = 0.58.0;
			};
		};
		2FA9D6CE2C77E58C005845E9 /* XCRemoteSwiftPackageReference "tomtom-sdk-spm-core" */ = {
			isa = XCRemoteSwiftPackageReference;
			repositoryURL = "https://github.com/tomtom-international/tomtom-sdk-spm-core.git";
			requirement = {
				kind = exactVersion;
				version = 0.58.0;
			};
		};
/* End XCRemoteSwiftPackageReference section */

/* Begin XCSwiftPackageProductDependency section */
		2FA9D6762C77E215005845E9 /* TomTomSDKBindingFrameworkSecurityInternal */ = {
			isa = XCSwiftPackageProductDependency;
			package = 2FA9D6752C77E215005845E9 /* XCRemoteSwiftPackageReference "tomtom-sdk-spm-navigation" */;
			productName = TomTomSDKBindingFrameworkSecurityInternal;
		};
		2FA9D6782C77E215005845E9 /* TomTomSDKBindingMapMatchingInternal */ = {
			isa = XCSwiftPackageProductDependency;
			package = 2FA9D6752C77E215005845E9 /* XCRemoteSwiftPackageReference "tomtom-sdk-spm-navigation" */;
			productName = TomTomSDKBindingMapMatchingInternal;
		};
		2FA9D67A2C77E215005845E9 /* TomTomSDKBindingNDSLiveTileStoreAccessInternal */ = {
			isa = XCSwiftPackageProductDependency;
			package = 2FA9D6752C77E215005845E9 /* XCRemoteSwiftPackageReference "tomtom-sdk-spm-navigation" */;
			productName = TomTomSDKBindingNDSLiveTileStoreAccessInternal;
		};
		2FA9D67C2C77E215005845E9 /* TomTomSDKBindingNavigationTextGenerationInternal */ = {
			isa = XCSwiftPackageProductDependency;
			package = 2FA9D6752C77E215005845E9 /* XCRemoteSwiftPackageReference "tomtom-sdk-spm-navigation" */;
			productName = TomTomSDKBindingNavigationTextGenerationInternal;
		};
		2FA9D67E2C77E215005845E9 /* TomTomSDKBindingNavigationTileStoreAccessInternal */ = {
			isa = XCSwiftPackageProductDependency;
			package = 2FA9D6752C77E215005845E9 /* XCRemoteSwiftPackageReference "tomtom-sdk-spm-navigation" */;
			productName = TomTomSDKBindingNavigationTileStoreAccessInternal;
		};
		2FA9D6802C77E215005845E9 /* TomTomSDKBindingNavigationTilingInternal */ = {
			isa = XCSwiftPackageProductDependency;
			package = 2FA9D6752C77E215005845E9 /* XCRemoteSwiftPackageReference "tomtom-sdk-spm-navigation" */;
			productName = TomTomSDKBindingNavigationTilingInternal;
		};
		2FA9D6822C77E215005845E9 /* TomTomSDKBindingOpenLRInternal */ = {
			isa = XCSwiftPackageProductDependency;
			package = 2FA9D6752C77E215005845E9 /* XCRemoteSwiftPackageReference "tomtom-sdk-spm-navigation" */;
			productName = TomTomSDKBindingOpenLRInternal;
		};
		2FA9D6842C77E215005845E9 /* TomTomSDKBindingRouteProjectionInternal */ = {
			isa = XCSwiftPackageProductDependency;
			package = 2FA9D6752C77E215005845E9 /* XCRemoteSwiftPackageReference "tomtom-sdk-spm-navigation" */;
			productName = TomTomSDKBindingRouteProjectionInternal;
		};
		2FA9D6862C77E215005845E9 /* TomTomSDKBindingUnifiedOpenLRInternal */ = {
			isa = XCSwiftPackageProductDependency;
			package = 2FA9D6752C77E215005845E9 /* XCRemoteSwiftPackageReference "tomtom-sdk-spm-navigation" */;
			productName = TomTomSDKBindingUnifiedOpenLRInternal;
		};
		2FA9D6882C77E215005845E9 /* TomTomSDKBindingVehicleHorizonInternal */ = {
			isa = XCSwiftPackageProductDependency;
			package = 2FA9D6752C77E215005845E9 /* XCRemoteSwiftPackageReference "tomtom-sdk-spm-navigation" */;
			productName = TomTomSDKBindingVehicleHorizonInternal;
		};
		2FA9D68A2C77E215005845E9 /* TomTomSDKBindingVehicleHorizonTileStoreMapInternal */ = {
			isa = XCSwiftPackageProductDependency;
			package = 2FA9D6752C77E215005845E9 /* XCRemoteSwiftPackageReference "tomtom-sdk-spm-navigation" */;
			productName = TomTomSDKBindingVehicleHorizonTileStoreMapInternal;
		};
		2FA9D68C2C77E215005845E9 /* TomTomSDKBindingVehicleHorizonUnifiedMapInternal */ = {
			isa = XCSwiftPackageProductDependency;
			package = 2FA9D6752C77E215005845E9 /* XCRemoteSwiftPackageReference "tomtom-sdk-spm-navigation" */;
			productName = TomTomSDKBindingVehicleHorizonUnifiedMapInternal;
		};
		2FA9D68E2C77E215005845E9 /* TomTomSDKDataManagement */ = {
			isa = XCSwiftPackageProductDependency;
			package = 2FA9D6752C77E215005845E9 /* XCRemoteSwiftPackageReference "tomtom-sdk-spm-navigation" */;
			productName = TomTomSDKDataManagement;
		};
		2FA9D6902C77E215005845E9 /* TomTomSDKDataStoreMaintenanceEngine */ = {
			isa = XCSwiftPackageProductDependency;
			package = 2FA9D6752C77E215005845E9 /* XCRemoteSwiftPackageReference "tomtom-sdk-spm-navigation" */;
			productName = TomTomSDKDataStoreMaintenanceEngine;
		};
		2FA9D6922C77E215005845E9 /* TomTomSDKDataStoreUpdater */ = {
			isa = XCSwiftPackageProductDependency;
			package = 2FA9D6752C77E215005845E9 /* XCRemoteSwiftPackageReference "tomtom-sdk-spm-navigation" */;
			productName = TomTomSDKDataStoreUpdater;
		};
		2FA9D6942C77E215005845E9 /* TomTomSDKDefaultTextToSpeech */ = {
			isa = XCSwiftPackageProductDependency;
			package = 2FA9D6752C77E215005845E9 /* XCRemoteSwiftPackageReference "tomtom-sdk-spm-navigation" */;
			productName = TomTomSDKDefaultTextToSpeech;
		};
		2FA9D6962C77E215005845E9 /* TomTomSDKHazards */ = {
			isa = XCSwiftPackageProductDependency;
			package = 2FA9D6752C77E215005845E9 /* XCRemoteSwiftPackageReference "tomtom-sdk-spm-navigation" */;
			productName = TomTomSDKHazards;
		};
		2FA9D6982C77E215005845E9 /* TomTomSDKHazardsDataAdapterOnline */ = {
			isa = XCSwiftPackageProductDependency;
			package = 2FA9D6752C77E215005845E9 /* XCRemoteSwiftPackageReference "tomtom-sdk-spm-navigation" */;
			productName = TomTomSDKHazardsDataAdapterOnline;
		};
		2FA9D69A2C77E215005845E9 /* TomTomSDKHorizonEngineCommon */ = {
			isa = XCSwiftPackageProductDependency;
			package = 2FA9D6752C77E215005845E9 /* XCRemoteSwiftPackageReference "tomtom-sdk-spm-navigation" */;
			productName = TomTomSDKHorizonEngineCommon;
		};
		2FA9D69C2C77E215005845E9 /* TomTomSDKHorizonEngineTileStore */ = {
			isa = XCSwiftPackageProductDependency;
			package = 2FA9D6752C77E215005845E9 /* XCRemoteSwiftPackageReference "tomtom-sdk-spm-navigation" */;
			productName = TomTomSDKHorizonEngineTileStore;
		};
		2FA9D69E2C77E215005845E9 /* TomTomSDKHorizonEngineUnified */ = {
			isa = XCSwiftPackageProductDependency;
			package = 2FA9D6752C77E215005845E9 /* XCRemoteSwiftPackageReference "tomtom-sdk-spm-navigation" */;
			productName = TomTomSDKHorizonEngineUnified;
		};
		2FA9D6A02C77E215005845E9 /* TomTomSDKLocationTracesRecorder */ = {
			isa = XCSwiftPackageProductDependency;
			package = 2FA9D6752C77E215005845E9 /* XCRemoteSwiftPackageReference "tomtom-sdk-spm-navigation" */;
			productName = TomTomSDKLocationTracesRecorder;
		};
		2FA9D6A22C77E215005845E9 /* TomTomSDKMapMatchingEngineCommon */ = {
			isa = XCSwiftPackageProductDependency;
			package = 2FA9D6752C77E215005845E9 /* XCRemoteSwiftPackageReference "tomtom-sdk-spm-navigation" */;
			productName = TomTomSDKMapMatchingEngineCommon;
		};
		2FA9D6A42C77E215005845E9 /* TomTomSDKMapMatchingEngineTileStore */ = {
			isa = XCSwiftPackageProductDependency;
			package = 2FA9D6752C77E215005845E9 /* XCRemoteSwiftPackageReference "tomtom-sdk-spm-navigation" */;
			productName = TomTomSDKMapMatchingEngineTileStore;
		};
		2FA9D6A62C77E215005845E9 /* TomTomSDKMapMatchingEngineUnified */ = {
			isa = XCSwiftPackageProductDependency;
			package = 2FA9D6752C77E215005845E9 /* XCRemoteSwiftPackageReference "tomtom-sdk-spm-navigation" */;
			productName = TomTomSDKMapMatchingEngineUnified;
		};
		2FA9D6A82C77E215005845E9 /* TomTomSDKNavigation */ = {
			isa = XCSwiftPackageProductDependency;
			package = 2FA9D6752C77E215005845E9 /* XCRemoteSwiftPackageReference "tomtom-sdk-spm-navigation" */;
			productName = TomTomSDKNavigation;
		};
		2FA9D6AA2C77E215005845E9 /* TomTomSDKNavigationEngines */ = {
			isa = XCSwiftPackageProductDependency;
			package = 2FA9D6752C77E215005845E9 /* XCRemoteSwiftPackageReference "tomtom-sdk-spm-navigation" */;
			productName = TomTomSDKNavigationEngines;
		};
		2FA9D6AC2C77E215005845E9 /* TomTomSDKNavigationHorizonDataAdapter */ = {
			isa = XCSwiftPackageProductDependency;
			package = 2FA9D6752C77E215005845E9 /* XCRemoteSwiftPackageReference "tomtom-sdk-spm-navigation" */;
			productName = TomTomSDKNavigationHorizonDataAdapter;
		};
		2FA9D6AE2C77E215005845E9 /* TomTomSDKNavigationOffRoad */ = {
			isa = XCSwiftPackageProductDependency;
			package = 2FA9D6752C77E215005845E9 /* XCRemoteSwiftPackageReference "tomtom-sdk-spm-navigation" */;
			productName = TomTomSDKNavigationOffRoad;
		};
		2FA9D6B02C77E215005845E9 /* TomTomSDKNavigationOnline */ = {
			isa = XCSwiftPackageProductDependency;
			package = 2FA9D6752C77E215005845E9 /* XCRemoteSwiftPackageReference "tomtom-sdk-spm-navigation" */;
			productName = TomTomSDKNavigationOnline;
		};
		2FA9D6B22C77E215005845E9 /* TomTomSDKNavigationTileStore */ = {
			isa = XCSwiftPackageProductDependency;
			package = 2FA9D6752C77E215005845E9 /* XCRemoteSwiftPackageReference "tomtom-sdk-spm-navigation" */;
			productName = TomTomSDKNavigationTileStore;
		};
		2FA9D6B42C77E215005845E9 /* TomTomSDKNavigationUI */ = {
			isa = XCSwiftPackageProductDependency;
			package = 2FA9D6752C77E215005845E9 /* XCRemoteSwiftPackageReference "tomtom-sdk-spm-navigation" */;
			productName = TomTomSDKNavigationUI;
		};
		2FA9D6B62C77E215005845E9 /* TomTomSDKNavigationVisualization */ = {
			isa = XCSwiftPackageProductDependency;
			package = 2FA9D6752C77E215005845E9 /* XCRemoteSwiftPackageReference "tomtom-sdk-spm-navigation" */;
			productName = TomTomSDKNavigationVisualization;
		};
		2FA9D6B82C77E215005845E9 /* TomTomSDKRouteProjectionEngineCommon */ = {
			isa = XCSwiftPackageProductDependency;
			package = 2FA9D6752C77E215005845E9 /* XCRemoteSwiftPackageReference "tomtom-sdk-spm-navigation" */;
			productName = TomTomSDKRouteProjectionEngineCommon;
		};
		2FA9D6BA2C77E215005845E9 /* TomTomSDKRouteProjectionEngineTileStore */ = {
			isa = XCSwiftPackageProductDependency;
			package = 2FA9D6752C77E215005845E9 /* XCRemoteSwiftPackageReference "tomtom-sdk-spm-navigation" */;
			productName = TomTomSDKRouteProjectionEngineTileStore;
		};
		2FA9D6BC2C77E215005845E9 /* TomTomSDKRouteProjectionEngineUnified */ = {
			isa = XCSwiftPackageProductDependency;
			package = 2FA9D6752C77E215005845E9 /* XCRemoteSwiftPackageReference "tomtom-sdk-spm-navigation" */;
			productName = TomTomSDKRouteProjectionEngineUnified;
		};
		2FA9D6BE2C77E215005845E9 /* TomTomSDKRouteReplanner */ = {
			isa = XCSwiftPackageProductDependency;
			package = 2FA9D6752C77E215005845E9 /* XCRemoteSwiftPackageReference "tomtom-sdk-spm-navigation" */;
			productName = TomTomSDKRouteReplanner;
		};
		2FA9D6C02C77E215005845E9 /* TomTomSDKRouteReplannerDefault */ = {
			isa = XCSwiftPackageProductDependency;
			package = 2FA9D6752C77E215005845E9 /* XCRemoteSwiftPackageReference "tomtom-sdk-spm-navigation" */;
			productName = TomTomSDKRouteReplannerDefault;
		};
		2FA9D6C22C77E215005845E9 /* TomTomSDKRouteReplannerInternal */ = {
			isa = XCSwiftPackageProductDependency;
			package = 2FA9D6752C77E215005845E9 /* XCRemoteSwiftPackageReference "tomtom-sdk-spm-navigation" */;
			productName = TomTomSDKRouteReplannerInternal;
		};
		2FA9D6C42C77E215005845E9 /* TomTomSDKSafetyCameras */ = {
			isa = XCSwiftPackageProductDependency;
			package = 2FA9D6752C77E215005845E9 /* XCRemoteSwiftPackageReference "tomtom-sdk-spm-navigation" */;
			productName = TomTomSDKSafetyCameras;
		};
		2FA9D6C62C77E215005845E9 /* TomTomSDKSafetyLocationsDataAdapterOnline */ = {
			isa = XCSwiftPackageProductDependency;
			package = 2FA9D6752C77E215005845E9 /* XCRemoteSwiftPackageReference "tomtom-sdk-spm-navigation" */;
			productName = TomTomSDKSafetyLocationsDataAdapterOnline;
		};
		2FA9D6C82C77E215005845E9 /* TomTomSDKTextToSpeech */ = {
			isa = XCSwiftPackageProductDependency;
			package = 2FA9D6752C77E215005845E9 /* XCRemoteSwiftPackageReference "tomtom-sdk-spm-navigation" */;
			productName = TomTomSDKTextToSpeech;
		};
		2FA9D6CA2C77E215005845E9 /* TomTomSDKTextToSpeechEngine */ = {
			isa = XCSwiftPackageProductDependency;
			package = 2FA9D6752C77E215005845E9 /* XCRemoteSwiftPackageReference "tomtom-sdk-spm-navigation" */;
			productName = TomTomSDKTextToSpeechEngine;
		};
		2FA9D6CC2C77E215005845E9 /* TomTomSDKUnifiedLocationDecoder */ = {
			isa = XCSwiftPackageProductDependency;
			package = 2FA9D6752C77E215005845E9 /* XCRemoteSwiftPackageReference "tomtom-sdk-spm-navigation" */;
			productName = TomTomSDKUnifiedLocationDecoder;
		};
		2FA9D6CF2C77E58D005845E9 /* TomTomSDKBindingFrameworkHTTPInternal */ = {
			isa = XCSwiftPackageProductDependency;
			package = 2FA9D6CE2C77E58C005845E9 /* XCRemoteSwiftPackageReference "tomtom-sdk-spm-core" */;
			productName = TomTomSDKBindingFrameworkHTTPInternal;
		};
		2FA9D6D12C77E58D005845E9 /* TomTomSDKBindingFrameworkLoggingInternal */ = {
			isa = XCSwiftPackageProductDependency;
			package = 2FA9D6CE2C77E58C005845E9 /* XCRemoteSwiftPackageReference "tomtom-sdk-spm-core" */;
			productName = TomTomSDKBindingFrameworkLoggingInternal;
		};
		2FA9D6D32C77E58D005845E9 /* TomTomSDKBindingMapDisplayEngineInternal */ = {
			isa = XCSwiftPackageProductDependency;
			package = 2FA9D6CE2C77E58C005845E9 /* XCRemoteSwiftPackageReference "tomtom-sdk-spm-core" */;
			productName = TomTomSDKBindingMapDisplayEngineInternal;
		};
		2FA9D6D52C77E58D005845E9 /* TomTomSDKBindingTrafficTileGeneratorInternal */ = {
			isa = XCSwiftPackageProductDependency;
			package = 2FA9D6CE2C77E58C005845E9 /* XCRemoteSwiftPackageReference "tomtom-sdk-spm-core" */;
			productName = TomTomSDKBindingTrafficTileGeneratorInternal;
		};
		2FA9D6D72C77E58D005845E9 /* TomTomSDKCommon */ = {
			isa = XCSwiftPackageProductDependency;
			package = 2FA9D6CE2C77E58C005845E9 /* XCRemoteSwiftPackageReference "tomtom-sdk-spm-core" */;
			productName = TomTomSDKCommon;
		};
		2FA9D6D92C77E58D005845E9 /* TomTomSDKCommonUI */ = {
			isa = XCSwiftPackageProductDependency;
			package = 2FA9D6CE2C77E58C005845E9 /* XCRemoteSwiftPackageReference "tomtom-sdk-spm-core" */;
			productName = TomTomSDKCommonUI;
		};
		2FA9D6DB2C77E58D005845E9 /* TomTomSDKDynamicData */ = {
			isa = XCSwiftPackageProductDependency;
			package = 2FA9D6CE2C77E58C005845E9 /* XCRemoteSwiftPackageReference "tomtom-sdk-spm-core" */;
			productName = TomTomSDKDynamicData;
		};
		2FA9D6DD2C77E58D005845E9 /* TomTomSDKDynamicDataOnline */ = {
			isa = XCSwiftPackageProductDependency;
			package = 2FA9D6CE2C77E58C005845E9 /* XCRemoteSwiftPackageReference "tomtom-sdk-spm-core" */;
			productName = TomTomSDKDynamicDataOnline;
		};
		2FA9D6DF2C77E58D005845E9 /* TomTomSDKFeatureToggle */ = {
			isa = XCSwiftPackageProductDependency;
			package = 2FA9D6CE2C77E58C005845E9 /* XCRemoteSwiftPackageReference "tomtom-sdk-spm-core" */;
			productName = TomTomSDKFeatureToggle;
		};
		2FA9D6E12C77E58D005845E9 /* TomTomSDKLocationProvider */ = {
			isa = XCSwiftPackageProductDependency;
			package = 2FA9D6CE2C77E58C005845E9 /* XCRemoteSwiftPackageReference "tomtom-sdk-spm-core" */;
			productName = TomTomSDKLocationProvider;
		};
		2FA9D6E32C77E58D005845E9 /* TomTomSDKMQTT */ = {
			isa = XCSwiftPackageProductDependency;
			package = 2FA9D6CE2C77E58C005845E9 /* XCRemoteSwiftPackageReference "tomtom-sdk-spm-core" */;
			productName = TomTomSDKMQTT;
		};
		2FA9D6E52C77E58D005845E9 /* TomTomSDKMapDisplay */ = {
			isa = XCSwiftPackageProductDependency;
			package = 2FA9D6CE2C77E58C005845E9 /* XCRemoteSwiftPackageReference "tomtom-sdk-spm-core" */;
			productName = TomTomSDKMapDisplay;
		};
		2FA9D6E72C77E58D005845E9 /* TomTomSDKNetworking */ = {
			isa = XCSwiftPackageProductDependency;
			package = 2FA9D6CE2C77E58C005845E9 /* XCRemoteSwiftPackageReference "tomtom-sdk-spm-core" */;
			productName = TomTomSDKNetworking;
		};
		2FA9D6E92C77E58D005845E9 /* TomTomSDKPOIVisualization */ = {
			isa = XCSwiftPackageProductDependency;
			package = 2FA9D6CE2C77E58C005845E9 /* XCRemoteSwiftPackageReference "tomtom-sdk-spm-core" */;
			productName = TomTomSDKPOIVisualization;
		};
		2FA9D6EB2C77E58D005845E9 /* TomTomSDKPersonalData */ = {
			isa = XCSwiftPackageProductDependency;
			package = 2FA9D6CE2C77E58C005845E9 /* XCRemoteSwiftPackageReference "tomtom-sdk-spm-core" */;
			productName = TomTomSDKPersonalData;
		};
		2FA9D6ED2C77E58D005845E9 /* TomTomSDKPersonalDataDefault */ = {
			isa = XCSwiftPackageProductDependency;
			package = 2FA9D6CE2C77E58C005845E9 /* XCRemoteSwiftPackageReference "tomtom-sdk-spm-core" */;
			productName = TomTomSDKPersonalDataDefault;
		};
		2FA9D6EF2C77E58D005845E9 /* TomTomSDKRangeCalculator */ = {
			isa = XCSwiftPackageProductDependency;
			package = 2FA9D6CE2C77E58C005845E9 /* XCRemoteSwiftPackageReference "tomtom-sdk-spm-core" */;
			productName = TomTomSDKRangeCalculator;
		};
		2FA9D6F12C77E58D005845E9 /* TomTomSDKRangeVisualization */ = {
			isa = XCSwiftPackageProductDependency;
			package = 2FA9D6CE2C77E58C005845E9 /* XCRemoteSwiftPackageReference "tomtom-sdk-spm-core" */;
			productName = TomTomSDKRangeVisualization;
		};
		2FA9D6F32C77E58D005845E9 /* TomTomSDKReverseGeocoder */ = {
			isa = XCSwiftPackageProductDependency;
			package = 2FA9D6CE2C77E58C005845E9 /* XCRemoteSwiftPackageReference "tomtom-sdk-spm-core" */;
			productName = TomTomSDKReverseGeocoder;
		};
		2FA9D6F52C77E58D005845E9 /* TomTomSDKReverseGeocoderOnline */ = {
			isa = XCSwiftPackageProductDependency;
			package = 2FA9D6CE2C77E58C005845E9 /* XCRemoteSwiftPackageReference "tomtom-sdk-spm-core" */;
			productName = TomTomSDKReverseGeocoderOnline;
		};
		2FA9D6F72C77E58D005845E9 /* TomTomSDKRoute */ = {
			isa = XCSwiftPackageProductDependency;
			package = 2FA9D6CE2C77E58C005845E9 /* XCRemoteSwiftPackageReference "tomtom-sdk-spm-core" */;
			productName = TomTomSDKRoute;
		};
		2FA9D6F92C77E58D005845E9 /* TomTomSDKRoutePlanner */ = {
			isa = XCSwiftPackageProductDependency;
			package = 2FA9D6CE2C77E58C005845E9 /* XCRemoteSwiftPackageReference "tomtom-sdk-spm-core" */;
			productName = TomTomSDKRoutePlanner;
		};
		2FA9D6FB2C77E58D005845E9 /* TomTomSDKRoutePlannerOnline */ = {
			isa = XCSwiftPackageProductDependency;
			package = 2FA9D6CE2C77E58C005845E9 /* XCRemoteSwiftPackageReference "tomtom-sdk-spm-core" */;
			productName = TomTomSDKRoutePlannerOnline;
		};
		2FA9D6FD2C77E58D005845E9 /* TomTomSDKRoutingCommon */ = {
			isa = XCSwiftPackageProductDependency;
			package = 2FA9D6CE2C77E58C005845E9 /* XCRemoteSwiftPackageReference "tomtom-sdk-spm-core" */;
			productName = TomTomSDKRoutingCommon;
		};
		2FA9D6FF2C77E58D005845E9 /* TomTomSDKRoutingVisualization */ = {
			isa = XCSwiftPackageProductDependency;
			package = 2FA9D6CE2C77E58C005845E9 /* XCRemoteSwiftPackageReference "tomtom-sdk-spm-core" */;
			productName = TomTomSDKRoutingVisualization;
		};
		2FA9D7012C77E58D005845E9 /* TomTomSDKSearch */ = {
			isa = XCSwiftPackageProductDependency;
			package = 2FA9D6CE2C77E58C005845E9 /* XCRemoteSwiftPackageReference "tomtom-sdk-spm-core" */;
			productName = TomTomSDKSearch;
		};
		2FA9D7032C77E58D005845E9 /* TomTomSDKSearchCommon */ = {
			isa = XCSwiftPackageProductDependency;
			package = 2FA9D6CE2C77E58C005845E9 /* XCRemoteSwiftPackageReference "tomtom-sdk-spm-core" */;
			productName = TomTomSDKSearchCommon;
		};
		2FA9D7052C77E58D005845E9 /* TomTomSDKSearchOnline */ = {
			isa = XCSwiftPackageProductDependency;
			package = 2FA9D6CE2C77E58C005845E9 /* XCRemoteSwiftPackageReference "tomtom-sdk-spm-core" */;
			productName = TomTomSDKSearchOnline;
		};
		2FA9D7072C77E58D005845E9 /* TomTomSDKSearchUI */ = {
			isa = XCSwiftPackageProductDependency;
			package = 2FA9D6CE2C77E58C005845E9 /* XCRemoteSwiftPackageReference "tomtom-sdk-spm-core" */;
			productName = TomTomSDKSearchUI;
		};
		2FA9D7092C77E58D005845E9 /* TomTomSDKSearchVisualization */ = {
			isa = XCSwiftPackageProductDependency;
			package = 2FA9D6CE2C77E58C005845E9 /* XCRemoteSwiftPackageReference "tomtom-sdk-spm-core" */;
			productName = TomTomSDKSearchVisualization;
		};
		2FA9D70B2C77E58D005845E9 /* TomTomSDKTelemetry */ = {
			isa = XCSwiftPackageProductDependency;
			package = 2FA9D6CE2C77E58C005845E9 /* XCRemoteSwiftPackageReference "tomtom-sdk-spm-core" */;
			productName = TomTomSDKTelemetry;
		};
		2FA9D70D2C77E58D005845E9 /* TomTomSDKTraffic */ = {
			isa = XCSwiftPackageProductDependency;
			package = 2FA9D6CE2C77E58C005845E9 /* XCRemoteSwiftPackageReference "tomtom-sdk-spm-core" */;
			productName = TomTomSDKTraffic;
		};
		2FA9D70F2C77E58D005845E9 /* TomTomSDKTrafficDataProvider */ = {
			isa = XCSwiftPackageProductDependency;
			package = 2FA9D6CE2C77E58C005845E9 /* XCRemoteSwiftPackageReference "tomtom-sdk-spm-core" */;
			productName = TomTomSDKTrafficDataProvider;
		};
		2FA9D7112C77E58D005845E9 /* TomTomSDKVehicle */ = {
			isa = XCSwiftPackageProductDependency;
			package = 2FA9D6CE2C77E58C005845E9 /* XCRemoteSwiftPackageReference "tomtom-sdk-spm-core" */;
			productName = TomTomSDKVehicle;
		};
/* End XCSwiftPackageProductDependency section */
	};
	rootObject = 2F2E4C6A2C31BD1D000E14EE /* Project object */;
}
